{
  "version": 4,
  "terraform_version": "1.9.6",
  "serial": 68,
  "lineage": "c0de2eda-6c38-8356-3c22-00515ae5333d",
  "outputs": {
    "cluster_endpoint": {
      "value": "https://FC9EEEFCF0D8FFC4E45D53E2823EF38A.gr7.us-west-2.eks.amazonaws.com",
      "type": "string"
    },
    "cluster_security_group_id": {
      "value": "sg-09c39c2c32732a0fb",
      "type": "string"
    }
  },
  "resources": [
    {
      "mode": "managed",
      "type": "aws_iam_role",
      "name": "eks_cluster_role",
      "provider": "provider[\"registry.terraform.io/hashicorp/aws\"]",
      "instances": [
        {
          "schema_version": 0,
          "attributes": {
            "arn": "arn:aws:iam::597647611698:role/eks-cluster-role",
            "assume_role_policy": "{\"Statement\":[{\"Action\":\"sts:AssumeRole\",\"Effect\":\"Allow\",\"Principal\":{\"Service\":\"eks.amazonaws.com\"}}],\"Version\":\"2012-10-17\"}",
            "create_date": "2024-09-27T15:50:56Z",
            "description": "",
            "force_detach_policies": false,
            "id": "eks-cluster-role",
            "inline_policy": [],
            "managed_policy_arns": [],
            "max_session_duration": 3600,
            "name": "eks-cluster-role",
            "name_prefix": "",
            "path": "/",
            "permissions_boundary": "",
            "tags": {
              "Name": "eks-cluster-role"
            },
            "tags_all": {
              "Name": "eks-cluster-role"
            },
            "unique_id": "AROAYWJUS24ZLBZKIFMW2"
          },
          "sensitive_attributes": [],
          "private": "bnVsbA=="
        }
      ]
    },
    {
      "mode": "managed",
      "type": "aws_iam_role_policy_attachment",
      "name": "eks_cluster_AmazonEKSClusterPolicy",
      "provider": "provider[\"registry.terraform.io/hashicorp/aws\"]",
      "instances": [
        {
          "schema_version": 0,
          "attributes": {
            "id": "eks-cluster-role-20240927155057747100000004",
            "policy_arn": "arn:aws:iam::aws:policy/AmazonEKSClusterPolicy",
            "role": "eks-cluster-role"
          },
          "sensitive_attributes": [],
          "private": "bnVsbA==",
          "dependencies": [
            "aws_iam_role.eks_cluster_role"
          ]
        }
      ]
    },
    {
      "mode": "managed",
      "type": "aws_iam_role_policy_attachment",
      "name": "eks_cluster_AmazonEKSVPCResourceController",
      "provider": "provider[\"registry.terraform.io/hashicorp/aws\"]",
      "instances": [
        {
          "schema_version": 0,
          "attributes": {
            "id": "eks-cluster-role-20240927155057739800000003",
            "policy_arn": "arn:aws:iam::aws:policy/AmazonEKSVPCResourceController",
            "role": "eks-cluster-role"
          },
          "sensitive_attributes": [],
          "private": "bnVsbA==",
          "dependencies": [
            "aws_iam_role.eks_cluster_role"
          ]
        }
      ]
    },
    {
      "module": "module.eks_al2",
      "mode": "data",
      "type": "aws_caller_identity",
      "name": "current",
      "provider": "provider[\"registry.terraform.io/hashicorp/aws\"]",
      "instances": [
        {
          "schema_version": 0,
          "attributes": {
            "account_id": "597647611698",
            "arn": "arn:aws:iam::597647611698:user/yandjoumbi",
            "id": "597647611698",
            "user_id": "AIDAYWJUS24ZGWQQ7J45S"
          },
          "sensitive_attributes": []
        }
      ]
    },
    {
      "module": "module.eks_al2",
      "mode": "data",
      "type": "aws_eks_addon_version",
      "name": "this",
      "provider": "provider[\"registry.terraform.io/hashicorp/aws\"]",
      "instances": [
        {
          "index_key": "coredns",
          "schema_version": 0,
          "attributes": {
            "addon_name": "coredns",
            "id": "coredns",
            "kubernetes_version": "1.30",
            "most_recent": false,
            "version": "v1.11.1-eksbuild.8"
          },
          "sensitive_attributes": []
        },
        {
          "index_key": "eks-pod-identity-agent",
          "schema_version": 0,
          "attributes": {
            "addon_name": "eks-pod-identity-agent",
            "id": "eks-pod-identity-agent",
            "kubernetes_version": "1.30",
            "most_recent": false,
            "version": "v1.3.2-eksbuild.2"
          },
          "sensitive_attributes": []
        },
        {
          "index_key": "kube-proxy",
          "schema_version": 0,
          "attributes": {
            "addon_name": "kube-proxy",
            "id": "kube-proxy",
            "kubernetes_version": "1.30",
            "most_recent": false,
            "version": "v1.30.0-eksbuild.3"
          },
          "sensitive_attributes": []
        },
        {
          "index_key": "vpc-cni",
          "schema_version": 0,
          "attributes": {
            "addon_name": "vpc-cni",
            "id": "vpc-cni",
            "kubernetes_version": "1.30",
            "most_recent": false,
            "version": "v1.18.1-eksbuild.3"
          },
          "sensitive_attributes": []
        }
      ]
    },
    {
      "module": "module.eks_al2",
      "mode": "data",
      "type": "aws_iam_policy_document",
      "name": "assume_role_policy",
      "provider": "provider[\"registry.terraform.io/hashicorp/aws\"]",
      "instances": [
        {
          "index_key": 0,
          "schema_version": 0,
          "attributes": {
            "id": "2764486067",
            "json": "{\n  \"Version\": \"2012-10-17\",\n  \"Statement\": [\n    {\n      \"Sid\": \"EKSClusterAssumeRole\",\n      \"Effect\": \"Allow\",\n      \"Action\": \"sts:AssumeRole\",\n      \"Principal\": {\n        \"Service\": \"eks.amazonaws.com\"\n      }\n    }\n  ]\n}",
            "minified_json": "{\"Version\":\"2012-10-17\",\"Statement\":[{\"Sid\":\"EKSClusterAssumeRole\",\"Effect\":\"Allow\",\"Action\":\"sts:AssumeRole\",\"Principal\":{\"Service\":\"eks.amazonaws.com\"}}]}",
            "override_json": null,
            "override_policy_documents": null,
            "policy_id": null,
            "source_json": null,
            "source_policy_documents": null,
            "statement": [
              {
                "actions": [
                  "sts:AssumeRole"
                ],
                "condition": [],
                "effect": "Allow",
                "not_actions": [],
                "not_principals": [],
                "not_resources": [],
                "principals": [
                  {
                    "identifiers": [
                      "eks.amazonaws.com"
                    ],
                    "type": "Service"
                  }
                ],
                "resources": [],
                "sid": "EKSClusterAssumeRole"
              }
            ],
            "version": "2012-10-17"
          },
          "sensitive_attributes": []
        }
      ]
    },
    {
      "module": "module.eks_al2",
      "mode": "data",
      "type": "aws_iam_session_context",
      "name": "current",
      "provider": "provider[\"registry.terraform.io/hashicorp/aws\"]",
      "instances": [
        {
          "schema_version": 0,
          "attributes": {
            "arn": "arn:aws:iam::597647611698:user/yandjoumbi",
            "id": "arn:aws:iam::597647611698:user/yandjoumbi",
            "issuer_arn": "arn:aws:iam::597647611698:user/yandjoumbi",
            "issuer_id": "",
            "issuer_name": "",
            "session_name": ""
          },
          "sensitive_attributes": []
        }
      ]
    },
    {
      "module": "module.eks_al2",
      "mode": "data",
      "type": "aws_partition",
      "name": "current",
      "provider": "provider[\"registry.terraform.io/hashicorp/aws\"]",
      "instances": [
        {
          "schema_version": 0,
          "attributes": {
            "dns_suffix": "amazonaws.com",
            "id": "aws",
            "partition": "aws",
            "reverse_dns_prefix": "com.amazonaws"
          },
          "sensitive_attributes": []
        }
      ]
    },
    {
      "module": "module.eks_al2",
      "mode": "data",
      "type": "tls_certificate",
      "name": "this",
      "provider": "provider[\"registry.terraform.io/hashicorp/tls\"]",
      "instances": [
        {
          "index_key": 0,
          "schema_version": 0,
          "attributes": {
            "certificates": [
              {
                "cert_pem": "-----BEGIN CERTIFICATE-----\nMIIEdTCCA12gAwIBAgIJAKcOSkw0grd/MA0GCSqGSIb3DQEBCwUAMGgxCzAJBgNV\nBAYTAlVTMSUwIwYDVQQKExxTdGFyZmllbGQgVGVjaG5vbG9naWVzLCBJbmMuMTIw\nMAYDVQQLEylTdGFyZmllbGQgQ2xhc3MgMiBDZXJ0aWZpY2F0aW9uIEF1dGhvcml0\neTAeFw0wOTA5MDIwMDAwMDBaFw0zNDA2MjgxNzM5MTZaMIGYMQswCQYDVQQGEwJV\nUzEQMA4GA1UECBMHQXJpem9uYTETMBEGA1UEBxMKU2NvdHRzZGFsZTElMCMGA1UE\nChMcU3RhcmZpZWxkIFRlY2hub2xvZ2llcywgSW5jLjE7MDkGA1UEAxMyU3RhcmZp\nZWxkIFNlcnZpY2VzIFJvb3QgQ2VydGlmaWNhdGUgQXV0aG9yaXR5IC0gRzIwggEi\nMA0GCSqGSIb3DQEBAQUAA4IBDwAwggEKAoIBAQDVDDrEKvlO4vW+GZdfjohTsR8/\ny8+fIBNtKTrID30892t2OGPZNmCom15cAICyL1l/9of5JUOG52kbUpqQ4XHj2C0N\nTm/2yEnZtvMaVq4rtnQU68/7JuMauh2WLmo7WJSJR1b/JaCTcFOD2oR0FMNnngRo\nOt+OQFodSk7PQ5E751bWAHDLUu57fa4657wx+UX2wmDPE1kCK4DMNEffud6QZW0C\nzyyRpqbn3oUYSXxmTqM6bam17jQuug0DuDPfR+uxa40l2ZvOgdFFRjKWcIfeAg5J\nQ4W2bHO7ZOphQazJ1FTfhy/HIrImzJ9ZVGif/L4qL8RVHHVAYBeFAlU5i38FAgMB\nAAGjgfAwge0wDwYDVR0TAQH/BAUwAwEB/zAOBgNVHQ8BAf8EBAMCAYYwHQYDVR0O\nBBYEFJxfAN+qAdcwKziIorhtSpzyEZGDMB8GA1UdIwQYMBaAFL9ft9HO3R+G9FtV\nrNzXEMIOqYjnME8GCCsGAQUFBwEBBEMwQTAcBggrBgEFBQcwAYYQaHR0cDovL28u\nc3MyLnVzLzAhBggrBgEFBQcwAoYVaHR0cDovL3guc3MyLnVzL3guY2VyMCYGA1Ud\nHwQfMB0wG6AZoBeGFWh0dHA6Ly9zLnNzMi51cy9yLmNybDARBgNVHSAECjAIMAYG\nBFUdIAAwDQYJKoZIhvcNAQELBQADggEBACMd44pXyn3pF3lM8R5V/cxTbj5HD9/G\nVfKyBDbtgB9TxF00KGu+x1X8Z+rLP3+QsjPNG1gQggL4+C/1E2DUBc7xgQjB3ad1\nl08YuW3e95ORCLp+QCztweq7dp4zBncdDQh/U90bZKuCJ/Fp1U1ervShw3WnWEQt\n8jxwmKy6abaVd38PMV4s/KCHOkdp8Hlf9BRUpJVeEXgSYCfOn8J3/yNTd126/+pZ\n59vPr5KW7ySaNRB6nJHGDn2Z9j8Z3/VyVOEVqQdZe4O/Ui5GjLIAZHYcSNPYeehu\nVsyuLAOQ1xk4meTKCRlb/weWsKh/NEnfVqn3sF/tM+2MR7cwA130A4w=\n-----END CERTIFICATE-----\n",
                "is_ca": true,
                "issuer": "OU=Starfield Class 2 Certification Authority,O=Starfield Technologies\\, Inc.,C=US",
                "not_after": "2034-06-28T17:39:16Z",
                "not_before": "2009-09-02T00:00:00Z",
                "public_key_algorithm": "RSA",
                "serial_number": "12037640545166866303",
                "sha1_fingerprint": "9e99a48a9960b14926bb7f3b02e22da2b0ab7280",
                "signature_algorithm": "SHA256-RSA",
                "subject": "CN=Starfield Services Root Certificate Authority - G2,O=Starfield Technologies\\, Inc.,L=Scottsdale,ST=Arizona,C=US",
                "version": 3
              },
              {
                "cert_pem": "-----BEGIN CERTIFICATE-----\nMIIEkjCCA3qgAwIBAgITBn+USionzfP6wq4rAfkI7rnExjANBgkqhkiG9w0BAQsF\nADCBmDELMAkGA1UEBhMCVVMxEDAOBgNVBAgTB0FyaXpvbmExEzARBgNVBAcTClNj\nb3R0c2RhbGUxJTAjBgNVBAoTHFN0YXJmaWVsZCBUZWNobm9sb2dpZXMsIEluYy4x\nOzA5BgNVBAMTMlN0YXJmaWVsZCBTZXJ2aWNlcyBSb290IENlcnRpZmljYXRlIEF1\ndGhvcml0eSAtIEcyMB4XDTE1MDUyNTEyMDAwMFoXDTM3MTIzMTAxMDAwMFowOTEL\nMAkGA1UEBhMCVVMxDzANBgNVBAoTBkFtYXpvbjEZMBcGA1UEAxMQQW1hem9uIFJv\nb3QgQ0EgMTCCASIwDQYJKoZIhvcNAQEBBQADggEPADCCAQoCggEBALJ4gHHKeNXj\nca9HgFB0fW7Y14h29Jlo91ghYPl0hAEvrAIthtOgQ3pOsqTQNroBvo3bSMgHFzZM\n9O6II8c+6zf1tRn4SWiw3te5djgdYZ6k/oI2peVKVuRF4fn9tBb6dNqcmzU5L/qw\nIFAGbHrQgLKm+a/sRxmPUDgH3KKHOVj4utWp+UhnMJbulHheb4mjUcAwhmahRWa6\nVOujw5H5SNz/0egwLX0tdHA114gk957EWW67c4cX8jJGKLhD+rcdqsq08p8kDi1L\n93FcXmn/6pUCyziKrlA4b9v7LWIbxcceVOF34GfID5yHI9Y/QCB/IIDEgEw+OyQm\njgSubJrIqg0CAwEAAaOCATEwggEtMA8GA1UdEwEB/wQFMAMBAf8wDgYDVR0PAQH/\nBAQDAgGGMB0GA1UdDgQWBBSEGMyFNOy8DJSULghZnMeyEE4KCDAfBgNVHSMEGDAW\ngBScXwDfqgHXMCs4iKK4bUqc8hGRgzB4BggrBgEFBQcBAQRsMGowLgYIKwYBBQUH\nMAGGImh0dHA6Ly9vY3NwLnJvb3RnMi5hbWF6b250cnVzdC5jb20wOAYIKwYBBQUH\nMAKGLGh0dHA6Ly9jcnQucm9vdGcyLmFtYXpvbnRydXN0LmNvbS9yb290ZzIuY2Vy\nMD0GA1UdHwQ2MDQwMqAwoC6GLGh0dHA6Ly9jcmwucm9vdGcyLmFtYXpvbnRydXN0\nLmNvbS9yb290ZzIuY3JsMBEGA1UdIAQKMAgwBgYEVR0gADANBgkqhkiG9w0BAQsF\nAAOCAQEAYjdCXLwQtT6LLOkMm2xF4gcAevnFWAu5CIw+7bMlPLVvUOTNNWqnkzSW\nMiGpSESrnO09tKpzbeR/FoCJbM8oAxiDR3mjEH4wW6w7sGDgd9QIpuEdfF7Au/ma\neyKdpwAJfqxGF4PcnCZXmTA5YpaP7dreqsXMGz7KQ2hsVxa81Q4gLv7/wmpdLqBK\nbRRYh5TmOTFffHPLkIhqhBGWJ6bt2YFGpn6jcgAKUj6DiAdjd4lpFw85hdKrCEVN\n0FE6/V1dN2RMfjCyVSRCnTawXZwXgWHxyvkQAiSr6w10kY17RSlQOYiypok1JR4U\nakcjMS9cmvqtmg5iUaQqqcT5NJ0hGA==\n-----END CERTIFICATE-----\n",
                "is_ca": true,
                "issuer": "CN=Starfield Services Root Certificate Authority - G2,O=Starfield Technologies\\, Inc.,L=Scottsdale,ST=Arizona,C=US",
                "not_after": "2037-12-31T01:00:00Z",
                "not_before": "2015-05-25T12:00:00Z",
                "public_key_algorithm": "RSA",
                "serial_number": "144918191876577076464031512351042010504348870",
                "sha1_fingerprint": "06b25927c42a721631c1efd9431e648fa62e1e39",
                "signature_algorithm": "SHA256-RSA",
                "subject": "CN=Amazon Root CA 1,O=Amazon,C=US",
                "version": 3
              },
              {
                "cert_pem": "-----BEGIN CERTIFICATE-----\nMIIEXjCCA0agAwIBAgITB3MSSkvL1E7HtTvq8ZSELToPoTANBgkqhkiG9w0BAQsF\nADA5MQswCQYDVQQGEwJVUzEPMA0GA1UEChMGQW1hem9uMRkwFwYDVQQDExBBbWF6\nb24gUm9vdCBDQSAxMB4XDTIyMDgyMzIyMjUzMFoXDTMwMDgyMzIyMjUzMFowPDEL\nMAkGA1UEBhMCVVMxDzANBgNVBAoTBkFtYXpvbjEcMBoGA1UEAxMTQW1hem9uIFJT\nQSAyMDQ4IE0wMjCCASIwDQYJKoZIhvcNAQEBBQADggEPADCCAQoCggEBALtDGMZa\nqHneKei1by6+pUPPLljTB143Si6VpEWPc6mSkFhZb/6qrkZyoHlQLbDYnI2D7hD0\nsdzEqfnuAjIsuXQLG3A8TvX6V3oFNBFVe8NlLJHvBseKY88saLwufxkZVwk74g4n\nWlNMXzla9Y5F3wwRHwMVH443xGz6UtGSZSqQ94eFx5X7Tlqt8whi8qCaKdZ5rNak\n+r9nUThOeClqFd4oXych//Rc7Y0eX1KNWHYSI1Nk31mYgiK3JvH063g+K9tHA63Z\neTgKgndlh+WI+zv7i44HepRZjA1FYwYZ9Vv/9UkC5Yz8/yU65fgjaE+wVHM4e/Yy\nC2osrPWE7gJ+dXMCAwEAAaOCAVowggFWMBIGA1UdEwEB/wQIMAYBAf8CAQAwDgYD\nVR0PAQH/BAQDAgGGMB0GA1UdJQQWMBQGCCsGAQUFBwMBBggrBgEFBQcDAjAdBgNV\nHQ4EFgQUwDFSzVpQw4J8dHHOy+mc+XrrguIwHwYDVR0jBBgwFoAUhBjMhTTsvAyU\nlC4IWZzHshBOCggwewYIKwYBBQUHAQEEbzBtMC8GCCsGAQUFBzABhiNodHRwOi8v\nb2NzcC5yb290Y2ExLmFtYXpvbnRydXN0LmNvbTA6BggrBgEFBQcwAoYuaHR0cDov\nL2NydC5yb290Y2ExLmFtYXpvbnRydXN0LmNvbS9yb290Y2ExLmNlcjA/BgNVHR8E\nODA2MDSgMqAwhi5odHRwOi8vY3JsLnJvb3RjYTEuYW1hem9udHJ1c3QuY29tL3Jv\nb3RjYTEuY3JsMBMGA1UdIAQMMAowCAYGZ4EMAQIBMA0GCSqGSIb3DQEBCwUAA4IB\nAQAtTi6Fs0Azfi+iwm7jrz+CSxHH+uHl7Law3MQSXVtR8RV53PtR6r/6gNpqlzdo\nZq4FKbADi1v9Bun8RY8D51uedRfjsbeodizeBB8nXmeyD33Ep7VATj4ozcd31YFV\nfgRhvTSxNrrTlNpWkUk0m3BMPv8sg381HhA6uEYokE5q9uws/3YkKqRiEz3TsaWm\nJqIRZhMbgAfp7O7FUwFIb7UIspogZSKxPIWJpxiPo3TcBambbVtQOcNRWz5qCQdD\nslI2yayq0n2TXoHyNCLEH8rpsJRVILFsg0jc7BaFrMnF462+ajSehgj12IidNeRN\n4zl+EoNaWdpnWndvSpAEkq2P\n-----END CERTIFICATE-----\n",
                "is_ca": true,
                "issuer": "CN=Amazon Root CA 1,O=Amazon,C=US",
                "not_after": "2030-08-23T22:25:30Z",
                "not_before": "2022-08-23T22:25:30Z",
                "public_key_algorithm": "RSA",
                "serial_number": "166129353110899469622597955040406457904926625",
                "sha1_fingerprint": "414a2060b738c635cc7fc243e052615592830c53",
                "signature_algorithm": "SHA256-RSA",
                "subject": "CN=Amazon RSA 2048 M02,O=Amazon,C=US",
                "version": 3
              },
              {
                "cert_pem": "-----BEGIN CERTIFICATE-----\nMIIF5TCCBM2gAwIBAgIQDsWM2D5RSLl7IRD58Bp6DzANBgkqhkiG9w0BAQsFADA8\nMQswCQYDVQQGEwJVUzEPMA0GA1UEChMGQW1hem9uMRwwGgYDVQQDExNBbWF6b24g\nUlNBIDIwNDggTTAyMB4XDTI0MDQwMTAwMDAwMFoXDTI1MDQzMDIzNTk1OVowKDEm\nMCQGA1UEAwwdKi5la3MudXMtd2VzdC0yLmFtYXpvbmF3cy5jb20wggEiMA0GCSqG\nSIb3DQEBAQUAA4IBDwAwggEKAoIBAQDX5xeQmZmCHJG/Hd1k93EKIB8aJgqMBjV8\nhK/mr1q0NT//Sv1xJGaZELpdUh1rAYUSSGUs0rRC8+vugtpzOMJ6asPo4KFOxfBe\neq+QZddyw7yay4RaywlHlBuvqhZkMcTyie3Bw08EnKct7xPKcn11cFHf5Uef1Q+G\nLyWJealim9xLyaSZ3VdKswDVn4YrqWaCi89RgngtldUTpTBBOr52C6ZOcaAPZj7L\nMkui4/kC4dTtnCKJKmVKT1gnbKK/bcH3G63M2EOSjhR1JFMyTNBs0UNfDqVFnpIB\ngc6antQWJ1z5BpiejH0HJlDBfa4JJ9LSbSSl4oSnW1m5FWgOP6TrAgMBAAGjggL1\nMIIC8TAfBgNVHSMEGDAWgBTAMVLNWlDDgnx0cc7L6Zz5euuC4jAdBgNVHQ4EFgQU\niV25OQVdcpXV1bT71pUVtEYNuiAwKAYDVR0RBCEwH4IdKi5la3MudXMtd2VzdC0y\nLmFtYXpvbmF3cy5jb20wEwYDVR0gBAwwCjAIBgZngQwBAgEwDgYDVR0PAQH/BAQD\nAgWgMB0GA1UdJQQWMBQGCCsGAQUFBwMBBggrBgEFBQcDAjA7BgNVHR8ENDAyMDCg\nLqAshipodHRwOi8vY3JsLnIybTAyLmFtYXpvbnRydXN0LmNvbS9yMm0wMi5jcmww\ndQYIKwYBBQUHAQEEaTBnMC0GCCsGAQUFBzABhiFodHRwOi8vb2NzcC5yMm0wMi5h\nbWF6b250cnVzdC5jb20wNgYIKwYBBQUHMAKGKmh0dHA6Ly9jcnQucjJtMDIuYW1h\nem9udHJ1c3QuY29tL3IybTAyLmNlcjAMBgNVHRMBAf8EAjAAMIIBfQYKKwYBBAHW\neQIEAgSCAW0EggFpAWcAdgDPEVbu1S58r/OHW9lpLpvpGnFnSrAX7KwB0lt3zsw7\nCAAAAY6aMr/xAAAEAwBHMEUCIEkz4BRPTftldFZ3x7B3K5F91iqxjGZKYVBh7ChF\nWMa1AiEA5Tac6flLFvDsSI9OprjWela3qTk8/meb1i4aTt4vLYUAdgB9WR4S4Xgq\nexxhZ3xe/fjQh1wUoE6VnrkDL9kOjC55uAAAAY6aMr+zAAAEAwBHMEUCIHFcffDz\nLXWVRQA1pu63XR9odC62oKPm00qYSEcIK9QhAiEAze+8hnlqBtqAkdLRW9KmBL2Q\n2el9UwkvdmiqSsAySBUAdQDm0jFjQHeMwRBBBtdxuc7B0kD2loSG+7qHMh39HjeO\nUAAAAY6aMr/EAAAEAwBGMEQCIG2ekWjuvM0A2NoQe7pGojHoYAyYK8+bISkAyTdC\n6HPBAiBR67wkUrGGjfMaD8cy2nBhuThBMB8kOZLm5YOegGDGyzANBgkqhkiG9w0B\nAQsFAAOCAQEAeNiU5fLVKMSwpzjtYMfCydbBJhmcbzBC81zZLFMETCoDT2gnJrEm\n86kN44ZMOonuECEs3n++I2lMoslsdXRevU7EZ4Jo8imOVy0Is05ffbfnv294viuG\nB23hMe9JQMVBuQzDyoUvBUhcJIxk7hQoFGjckh2P7km4HmH/0vZV13Lhrat9kws4\n3PzywHbzV5SsyOCszZFAowzsUaakhlBXOj++OeCTViHTLixywNhrA2n+21yCTVAj\nXAfc6i0YQ/B17FKkYlH/L5ZNl0UdXaW79LobdZdIsCfqOweGjUxLB/pWz2rK4JPI\nqBir/DrLGniJB5oLDg9DfN3gmRp6oWwWTw==\n-----END CERTIFICATE-----\n",
                "is_ca": false,
                "issuer": "CN=Amazon RSA 2048 M02,O=Amazon,C=US",
                "not_after": "2025-04-30T23:59:59Z",
                "not_before": "2024-04-01T00:00:00Z",
                "public_key_algorithm": "RSA",
                "serial_number": "19634931092034134610649070322822314511",
                "sha1_fingerprint": "3934cf57a95810cf5b7a7ce04dbb323fdb9a41a7",
                "signature_algorithm": "SHA256-RSA",
                "subject": "CN=*.eks.us-west-2.amazonaws.com",
                "version": 3
              }
            ],
            "content": null,
            "id": "9ce40dc2a049cbf871181c1b9ce87cb4fcc34109",
            "url": "https://oidc.eks.us-west-2.amazonaws.com/id/FC9EEEFCF0D8FFC4E45D53E2823EF38A",
            "verify_chain": true
          },
          "sensitive_attributes": []
        }
      ]
    },
    {
      "module": "module.eks_al2",
      "mode": "managed",
      "type": "aws_cloudwatch_log_group",
      "name": "this",
      "provider": "provider[\"registry.terraform.io/hashicorp/aws\"]",
      "instances": [
        {
          "index_key": 0,
          "schema_version": 0,
          "attributes": {
            "arn": "arn:aws:logs:us-west-2:597647611698:log-group:/aws/eks/yannick-cluster/cluster",
            "id": "/aws/eks/yannick-cluster/cluster",
            "kms_key_id": "",
            "log_group_class": "STANDARD",
            "name": "/aws/eks/yannick-cluster/cluster",
            "name_prefix": "",
            "retention_in_days": 90,
            "skip_destroy": false,
            "tags": {
              "Name": "/aws/eks/yannick-cluster/cluster"
            },
            "tags_all": {
              "Name": "/aws/eks/yannick-cluster/cluster"
            }
          },
          "sensitive_attributes": [],
          "private": "bnVsbA==",
          "create_before_destroy": true
        }
      ]
    },
    {
      "module": "module.eks_al2",
      "mode": "managed",
      "type": "aws_eks_addon",
      "name": "this",
      "provider": "provider[\"registry.terraform.io/hashicorp/aws\"]",
      "instances": [
        {
          "index_key": "coredns",
          "schema_version": 0,
          "attributes": {
            "addon_name": "coredns",
            "addon_version": "v1.11.1-eksbuild.8",
            "arn": "arn:aws:eks:us-west-2:597647611698:addon/yannick-cluster/coredns/5ec91a1e-ce64-2b15-672a-aa948d89ec3a",
            "cluster_name": "yannick-cluster",
            "configuration_values": "",
            "created_at": "2024-09-27T16:08:26Z",
            "id": "yannick-cluster:coredns",
            "modified_at": "2024-09-27T16:08:38Z",
            "preserve": true,
            "resolve_conflicts": null,
            "resolve_conflicts_on_create": "OVERWRITE",
            "resolve_conflicts_on_update": "OVERWRITE",
            "service_account_role_arn": "",
            "tags": {
              "Name": "eks-cluster"
            },
            "tags_all": {
              "Name": "eks-cluster"
            },
            "timeouts": {
              "create": null,
              "delete": null,
              "update": null
            }
          },
          "sensitive_attributes": [],
          "private": "eyJlMmJmYjczMC1lY2FhLTExZTYtOGY4OC0zNDM2M2JjN2M0YzAiOnsiY3JlYXRlIjoxMjAwMDAwMDAwMDAwLCJkZWxldGUiOjI0MDAwMDAwMDAwMDAsInVwZGF0ZSI6MTIwMDAwMDAwMDAwMH19",
          "dependencies": [
            "module.eks_al2.aws_cloudwatch_log_group.this",
            "module.eks_al2.aws_eks_cluster.this",
            "module.eks_al2.aws_iam_policy.cni_ipv6_policy",
            "module.eks_al2.aws_iam_role.this",
            "module.eks_al2.aws_iam_role_policy_attachment.this",
            "module.eks_al2.aws_security_group.cluster",
            "module.eks_al2.aws_security_group.node",
            "module.eks_al2.aws_security_group_rule.cluster",
            "module.eks_al2.aws_security_group_rule.node",
            "module.eks_al2.data.aws_caller_identity.current",
            "module.eks_al2.data.aws_eks_addon_version.this",
            "module.eks_al2.data.aws_iam_policy_document.assume_role_policy",
            "module.eks_al2.data.aws_iam_policy_document.cni_ipv6_policy",
            "module.eks_al2.data.aws_iam_session_context.current",
            "module.eks_al2.data.aws_partition.current",
            "module.eks_al2.module.eks_managed_node_group.aws_autoscaling_schedule.this",
            "module.eks_al2.module.eks_managed_node_group.aws_eks_node_group.this",
            "module.eks_al2.module.eks_managed_node_group.aws_iam_role.this",
            "module.eks_al2.module.eks_managed_node_group.aws_iam_role_policy.this",
            "module.eks_al2.module.eks_managed_node_group.aws_iam_role_policy_attachment.additional",
            "module.eks_al2.module.eks_managed_node_group.aws_iam_role_policy_attachment.this",
            "module.eks_al2.module.eks_managed_node_group.aws_launch_template.this",
            "module.eks_al2.module.eks_managed_node_group.aws_placement_group.this",
            "module.eks_al2.module.eks_managed_node_group.data.aws_caller_identity.current",
            "module.eks_al2.module.eks_managed_node_group.data.aws_ec2_instance_type.this",
            "module.eks_al2.module.eks_managed_node_group.data.aws_ec2_instance_type_offerings.this",
            "module.eks_al2.module.eks_managed_node_group.data.aws_iam_policy_document.assume_role_policy",
            "module.eks_al2.module.eks_managed_node_group.data.aws_iam_policy_document.role",
            "module.eks_al2.module.eks_managed_node_group.data.aws_partition.current",
            "module.eks_al2.module.eks_managed_node_group.data.aws_ssm_parameter.ami",
            "module.eks_al2.module.eks_managed_node_group.data.aws_subnets.placement_group",
            "module.eks_al2.module.eks_managed_node_group.module.user_data.data.cloudinit_config.al2023_eks_managed_node_group",
            "module.eks_al2.module.eks_managed_node_group.module.user_data.data.cloudinit_config.linux_eks_managed_node_group",
            "module.eks_al2.module.eks_managed_node_group.module.user_data.null_resource.validate_cluster_service_cidr",
            "module.eks_al2.module.fargate_profile.aws_eks_fargate_profile.this",
            "module.eks_al2.module.fargate_profile.aws_iam_role.this",
            "module.eks_al2.module.fargate_profile.aws_iam_role_policy.this",
            "module.eks_al2.module.fargate_profile.aws_iam_role_policy_attachment.additional",
            "module.eks_al2.module.fargate_profile.aws_iam_role_policy_attachment.this",
            "module.eks_al2.module.fargate_profile.data.aws_caller_identity.current",
            "module.eks_al2.module.fargate_profile.data.aws_iam_policy_document.assume_role_policy",
            "module.eks_al2.module.fargate_profile.data.aws_iam_policy_document.role",
            "module.eks_al2.module.fargate_profile.data.aws_partition.current",
            "module.eks_al2.module.fargate_profile.data.aws_region.current",
            "module.eks_al2.module.kms.aws_kms_external_key.this",
            "module.eks_al2.module.kms.aws_kms_key.this",
            "module.eks_al2.module.kms.aws_kms_replica_external_key.this",
            "module.eks_al2.module.kms.aws_kms_replica_key.this",
            "module.eks_al2.module.kms.data.aws_caller_identity.current",
            "module.eks_al2.module.kms.data.aws_iam_policy_document.this",
            "module.eks_al2.module.kms.data.aws_partition.current",
            "module.eks_al2.module.self_managed_node_group.aws_autoscaling_group.this",
            "module.eks_al2.module.self_managed_node_group.aws_autoscaling_schedule.this",
            "module.eks_al2.module.self_managed_node_group.aws_eks_access_entry.this",
            "module.eks_al2.module.self_managed_node_group.aws_iam_instance_profile.this",
            "module.eks_al2.module.self_managed_node_group.aws_iam_role.this",
            "module.eks_al2.module.self_managed_node_group.aws_iam_role_policy.this",
            "module.eks_al2.module.self_managed_node_group.aws_iam_role_policy_attachment.additional",
            "module.eks_al2.module.self_managed_node_group.aws_iam_role_policy_attachment.this",
            "module.eks_al2.module.self_managed_node_group.aws_launch_template.this",
            "module.eks_al2.module.self_managed_node_group.aws_placement_group.this",
            "module.eks_al2.module.self_managed_node_group.data.aws_caller_identity.current",
            "module.eks_al2.module.self_managed_node_group.data.aws_ec2_instance_type.this",
            "module.eks_al2.module.self_managed_node_group.data.aws_ec2_instance_type_offerings.this",
            "module.eks_al2.module.self_managed_node_group.data.aws_iam_policy_document.assume_role_policy",
            "module.eks_al2.module.self_managed_node_group.data.aws_iam_policy_document.role",
            "module.eks_al2.module.self_managed_node_group.data.aws_partition.current",
            "module.eks_al2.module.self_managed_node_group.data.aws_ssm_parameter.ami",
            "module.eks_al2.module.self_managed_node_group.data.aws_subnets.placement_group",
            "module.eks_al2.module.self_managed_node_group.module.user_data.data.cloudinit_config.al2023_eks_managed_node_group",
            "module.eks_al2.module.self_managed_node_group.module.user_data.data.cloudinit_config.linux_eks_managed_node_group",
            "module.eks_al2.module.self_managed_node_group.module.user_data.null_resource.validate_cluster_service_cidr",
            "module.eks_al2.time_sleep.this",
            "module.vpc.aws_subnet.private",
            "module.vpc.aws_vpc.this",
            "module.vpc.aws_vpc_ipv4_cidr_block_association.this"
          ]
        },
        {
          "index_key": "eks-pod-identity-agent",
          "schema_version": 0,
          "attributes": {
            "addon_name": "eks-pod-identity-agent",
            "addon_version": "v1.3.2-eksbuild.2",
            "arn": "arn:aws:eks:us-west-2:597647611698:addon/yannick-cluster/eks-pod-identity-agent/fcc91a1e-ce62-8557-f501-0364964b40b7",
            "cluster_name": "yannick-cluster",
            "configuration_values": "",
            "created_at": "2024-09-27T16:08:26Z",
            "id": "yannick-cluster:eks-pod-identity-agent",
            "modified_at": "2024-09-27T16:09:02Z",
            "preserve": true,
            "resolve_conflicts": null,
            "resolve_conflicts_on_create": "OVERWRITE",
            "resolve_conflicts_on_update": "OVERWRITE",
            "service_account_role_arn": "",
            "tags": {
              "Name": "eks-cluster"
            },
            "tags_all": {
              "Name": "eks-cluster"
            },
            "timeouts": {
              "create": null,
              "delete": null,
              "update": null
            }
          },
          "sensitive_attributes": [],
          "private": "eyJlMmJmYjczMC1lY2FhLTExZTYtOGY4OC0zNDM2M2JjN2M0YzAiOnsiY3JlYXRlIjoxMjAwMDAwMDAwMDAwLCJkZWxldGUiOjI0MDAwMDAwMDAwMDAsInVwZGF0ZSI6MTIwMDAwMDAwMDAwMH19",
          "dependencies": [
            "module.eks_al2.aws_cloudwatch_log_group.this",
            "module.eks_al2.aws_eks_cluster.this",
            "module.eks_al2.aws_iam_policy.cni_ipv6_policy",
            "module.eks_al2.aws_iam_role.this",
            "module.eks_al2.aws_iam_role_policy_attachment.this",
            "module.eks_al2.aws_security_group.cluster",
            "module.eks_al2.aws_security_group.node",
            "module.eks_al2.aws_security_group_rule.cluster",
            "module.eks_al2.aws_security_group_rule.node",
            "module.eks_al2.data.aws_caller_identity.current",
            "module.eks_al2.data.aws_eks_addon_version.this",
            "module.eks_al2.data.aws_iam_policy_document.assume_role_policy",
            "module.eks_al2.data.aws_iam_policy_document.cni_ipv6_policy",
            "module.eks_al2.data.aws_iam_session_context.current",
            "module.eks_al2.data.aws_partition.current",
            "module.eks_al2.module.eks_managed_node_group.aws_autoscaling_schedule.this",
            "module.eks_al2.module.eks_managed_node_group.aws_eks_node_group.this",
            "module.eks_al2.module.eks_managed_node_group.aws_iam_role.this",
            "module.eks_al2.module.eks_managed_node_group.aws_iam_role_policy.this",
            "module.eks_al2.module.eks_managed_node_group.aws_iam_role_policy_attachment.additional",
            "module.eks_al2.module.eks_managed_node_group.aws_iam_role_policy_attachment.this",
            "module.eks_al2.module.eks_managed_node_group.aws_launch_template.this",
            "module.eks_al2.module.eks_managed_node_group.aws_placement_group.this",
            "module.eks_al2.module.eks_managed_node_group.data.aws_caller_identity.current",
            "module.eks_al2.module.eks_managed_node_group.data.aws_ec2_instance_type.this",
            "module.eks_al2.module.eks_managed_node_group.data.aws_ec2_instance_type_offerings.this",
            "module.eks_al2.module.eks_managed_node_group.data.aws_iam_policy_document.assume_role_policy",
            "module.eks_al2.module.eks_managed_node_group.data.aws_iam_policy_document.role",
            "module.eks_al2.module.eks_managed_node_group.data.aws_partition.current",
            "module.eks_al2.module.eks_managed_node_group.data.aws_ssm_parameter.ami",
            "module.eks_al2.module.eks_managed_node_group.data.aws_subnets.placement_group",
            "module.eks_al2.module.eks_managed_node_group.module.user_data.data.cloudinit_config.al2023_eks_managed_node_group",
            "module.eks_al2.module.eks_managed_node_group.module.user_data.data.cloudinit_config.linux_eks_managed_node_group",
            "module.eks_al2.module.eks_managed_node_group.module.user_data.null_resource.validate_cluster_service_cidr",
            "module.eks_al2.module.fargate_profile.aws_eks_fargate_profile.this",
            "module.eks_al2.module.fargate_profile.aws_iam_role.this",
            "module.eks_al2.module.fargate_profile.aws_iam_role_policy.this",
            "module.eks_al2.module.fargate_profile.aws_iam_role_policy_attachment.additional",
            "module.eks_al2.module.fargate_profile.aws_iam_role_policy_attachment.this",
            "module.eks_al2.module.fargate_profile.data.aws_caller_identity.current",
            "module.eks_al2.module.fargate_profile.data.aws_iam_policy_document.assume_role_policy",
            "module.eks_al2.module.fargate_profile.data.aws_iam_policy_document.role",
            "module.eks_al2.module.fargate_profile.data.aws_partition.current",
            "module.eks_al2.module.fargate_profile.data.aws_region.current",
            "module.eks_al2.module.kms.aws_kms_external_key.this",
            "module.eks_al2.module.kms.aws_kms_key.this",
            "module.eks_al2.module.kms.aws_kms_replica_external_key.this",
            "module.eks_al2.module.kms.aws_kms_replica_key.this",
            "module.eks_al2.module.kms.data.aws_caller_identity.current",
            "module.eks_al2.module.kms.data.aws_iam_policy_document.this",
            "module.eks_al2.module.kms.data.aws_partition.current",
            "module.eks_al2.module.self_managed_node_group.aws_autoscaling_group.this",
            "module.eks_al2.module.self_managed_node_group.aws_autoscaling_schedule.this",
            "module.eks_al2.module.self_managed_node_group.aws_eks_access_entry.this",
            "module.eks_al2.module.self_managed_node_group.aws_iam_instance_profile.this",
            "module.eks_al2.module.self_managed_node_group.aws_iam_role.this",
            "module.eks_al2.module.self_managed_node_group.aws_iam_role_policy.this",
            "module.eks_al2.module.self_managed_node_group.aws_iam_role_policy_attachment.additional",
            "module.eks_al2.module.self_managed_node_group.aws_iam_role_policy_attachment.this",
            "module.eks_al2.module.self_managed_node_group.aws_launch_template.this",
            "module.eks_al2.module.self_managed_node_group.aws_placement_group.this",
            "module.eks_al2.module.self_managed_node_group.data.aws_caller_identity.current",
            "module.eks_al2.module.self_managed_node_group.data.aws_ec2_instance_type.this",
            "module.eks_al2.module.self_managed_node_group.data.aws_ec2_instance_type_offerings.this",
            "module.eks_al2.module.self_managed_node_group.data.aws_iam_policy_document.assume_role_policy",
            "module.eks_al2.module.self_managed_node_group.data.aws_iam_policy_document.role",
            "module.eks_al2.module.self_managed_node_group.data.aws_partition.current",
            "module.eks_al2.module.self_managed_node_group.data.aws_ssm_parameter.ami",
            "module.eks_al2.module.self_managed_node_group.data.aws_subnets.placement_group",
            "module.eks_al2.module.self_managed_node_group.module.user_data.data.cloudinit_config.al2023_eks_managed_node_group",
            "module.eks_al2.module.self_managed_node_group.module.user_data.data.cloudinit_config.linux_eks_managed_node_group",
            "module.eks_al2.module.self_managed_node_group.module.user_data.null_resource.validate_cluster_service_cidr",
            "module.eks_al2.time_sleep.this",
            "module.vpc.aws_subnet.private",
            "module.vpc.aws_vpc.this",
            "module.vpc.aws_vpc_ipv4_cidr_block_association.this"
          ]
        },
        {
          "index_key": "kube-proxy",
          "schema_version": 0,
          "attributes": {
            "addon_name": "kube-proxy",
            "addon_version": "v1.30.0-eksbuild.3",
            "arn": "arn:aws:eks:us-west-2:597647611698:addon/yannick-cluster/kube-proxy/c2c91a1e-ce64-7325-ff83-0cb18c8c8b7c",
            "cluster_name": "yannick-cluster",
            "configuration_values": "",
            "created_at": "2024-09-27T16:08:26Z",
            "id": "yannick-cluster:kube-proxy",
            "modified_at": "2024-09-27T16:08:32Z",
            "preserve": true,
            "resolve_conflicts": null,
            "resolve_conflicts_on_create": "OVERWRITE",
            "resolve_conflicts_on_update": "OVERWRITE",
            "service_account_role_arn": "",
            "tags": {
              "Name": "eks-cluster"
            },
            "tags_all": {
              "Name": "eks-cluster"
            },
            "timeouts": {
              "create": null,
              "delete": null,
              "update": null
            }
          },
          "sensitive_attributes": [],
          "private": "eyJlMmJmYjczMC1lY2FhLTExZTYtOGY4OC0zNDM2M2JjN2M0YzAiOnsiY3JlYXRlIjoxMjAwMDAwMDAwMDAwLCJkZWxldGUiOjI0MDAwMDAwMDAwMDAsInVwZGF0ZSI6MTIwMDAwMDAwMDAwMH19",
          "dependencies": [
            "module.eks_al2.aws_cloudwatch_log_group.this",
            "module.eks_al2.aws_eks_cluster.this",
            "module.eks_al2.aws_iam_policy.cni_ipv6_policy",
            "module.eks_al2.aws_iam_role.this",
            "module.eks_al2.aws_iam_role_policy_attachment.this",
            "module.eks_al2.aws_security_group.cluster",
            "module.eks_al2.aws_security_group.node",
            "module.eks_al2.aws_security_group_rule.cluster",
            "module.eks_al2.aws_security_group_rule.node",
            "module.eks_al2.data.aws_caller_identity.current",
            "module.eks_al2.data.aws_eks_addon_version.this",
            "module.eks_al2.data.aws_iam_policy_document.assume_role_policy",
            "module.eks_al2.data.aws_iam_policy_document.cni_ipv6_policy",
            "module.eks_al2.data.aws_iam_session_context.current",
            "module.eks_al2.data.aws_partition.current",
            "module.eks_al2.module.eks_managed_node_group.aws_autoscaling_schedule.this",
            "module.eks_al2.module.eks_managed_node_group.aws_eks_node_group.this",
            "module.eks_al2.module.eks_managed_node_group.aws_iam_role.this",
            "module.eks_al2.module.eks_managed_node_group.aws_iam_role_policy.this",
            "module.eks_al2.module.eks_managed_node_group.aws_iam_role_policy_attachment.additional",
            "module.eks_al2.module.eks_managed_node_group.aws_iam_role_policy_attachment.this",
            "module.eks_al2.module.eks_managed_node_group.aws_launch_template.this",
            "module.eks_al2.module.eks_managed_node_group.aws_placement_group.this",
            "module.eks_al2.module.eks_managed_node_group.data.aws_caller_identity.current",
            "module.eks_al2.module.eks_managed_node_group.data.aws_ec2_instance_type.this",
            "module.eks_al2.module.eks_managed_node_group.data.aws_ec2_instance_type_offerings.this",
            "module.eks_al2.module.eks_managed_node_group.data.aws_iam_policy_document.assume_role_policy",
            "module.eks_al2.module.eks_managed_node_group.data.aws_iam_policy_document.role",
            "module.eks_al2.module.eks_managed_node_group.data.aws_partition.current",
            "module.eks_al2.module.eks_managed_node_group.data.aws_ssm_parameter.ami",
            "module.eks_al2.module.eks_managed_node_group.data.aws_subnets.placement_group",
            "module.eks_al2.module.eks_managed_node_group.module.user_data.data.cloudinit_config.al2023_eks_managed_node_group",
            "module.eks_al2.module.eks_managed_node_group.module.user_data.data.cloudinit_config.linux_eks_managed_node_group",
            "module.eks_al2.module.eks_managed_node_group.module.user_data.null_resource.validate_cluster_service_cidr",
            "module.eks_al2.module.fargate_profile.aws_eks_fargate_profile.this",
            "module.eks_al2.module.fargate_profile.aws_iam_role.this",
            "module.eks_al2.module.fargate_profile.aws_iam_role_policy.this",
            "module.eks_al2.module.fargate_profile.aws_iam_role_policy_attachment.additional",
            "module.eks_al2.module.fargate_profile.aws_iam_role_policy_attachment.this",
            "module.eks_al2.module.fargate_profile.data.aws_caller_identity.current",
            "module.eks_al2.module.fargate_profile.data.aws_iam_policy_document.assume_role_policy",
            "module.eks_al2.module.fargate_profile.data.aws_iam_policy_document.role",
            "module.eks_al2.module.fargate_profile.data.aws_partition.current",
            "module.eks_al2.module.fargate_profile.data.aws_region.current",
            "module.eks_al2.module.kms.aws_kms_external_key.this",
            "module.eks_al2.module.kms.aws_kms_key.this",
            "module.eks_al2.module.kms.aws_kms_replica_external_key.this",
            "module.eks_al2.module.kms.aws_kms_replica_key.this",
            "module.eks_al2.module.kms.data.aws_caller_identity.current",
            "module.eks_al2.module.kms.data.aws_iam_policy_document.this",
            "module.eks_al2.module.kms.data.aws_partition.current",
            "module.eks_al2.module.self_managed_node_group.aws_autoscaling_group.this",
            "module.eks_al2.module.self_managed_node_group.aws_autoscaling_schedule.this",
            "module.eks_al2.module.self_managed_node_group.aws_eks_access_entry.this",
            "module.eks_al2.module.self_managed_node_group.aws_iam_instance_profile.this",
            "module.eks_al2.module.self_managed_node_group.aws_iam_role.this",
            "module.eks_al2.module.self_managed_node_group.aws_iam_role_policy.this",
            "module.eks_al2.module.self_managed_node_group.aws_iam_role_policy_attachment.additional",
            "module.eks_al2.module.self_managed_node_group.aws_iam_role_policy_attachment.this",
            "module.eks_al2.module.self_managed_node_group.aws_launch_template.this",
            "module.eks_al2.module.self_managed_node_group.aws_placement_group.this",
            "module.eks_al2.module.self_managed_node_group.data.aws_caller_identity.current",
            "module.eks_al2.module.self_managed_node_group.data.aws_ec2_instance_type.this",
            "module.eks_al2.module.self_managed_node_group.data.aws_ec2_instance_type_offerings.this",
            "module.eks_al2.module.self_managed_node_group.data.aws_iam_policy_document.assume_role_policy",
            "module.eks_al2.module.self_managed_node_group.data.aws_iam_policy_document.role",
            "module.eks_al2.module.self_managed_node_group.data.aws_partition.current",
            "module.eks_al2.module.self_managed_node_group.data.aws_ssm_parameter.ami",
            "module.eks_al2.module.self_managed_node_group.data.aws_subnets.placement_group",
            "module.eks_al2.module.self_managed_node_group.module.user_data.data.cloudinit_config.al2023_eks_managed_node_group",
            "module.eks_al2.module.self_managed_node_group.module.user_data.data.cloudinit_config.linux_eks_managed_node_group",
            "module.eks_al2.module.self_managed_node_group.module.user_data.null_resource.validate_cluster_service_cidr",
            "module.eks_al2.time_sleep.this",
            "module.vpc.aws_subnet.private",
            "module.vpc.aws_vpc.this",
            "module.vpc.aws_vpc_ipv4_cidr_block_association.this"
          ]
        },
        {
          "index_key": "vpc-cni",
          "schema_version": 0,
          "attributes": {
            "addon_name": "vpc-cni",
            "addon_version": "v1.18.1-eksbuild.3",
            "arn": "arn:aws:eks:us-west-2:597647611698:addon/yannick-cluster/vpc-cni/d4c91a1e-ce61-6dbb-7dfe-e27f2f224d79",
            "cluster_name": "yannick-cluster",
            "configuration_values": "",
            "created_at": "2024-09-27T16:08:26Z",
            "id": "yannick-cluster:vpc-cni",
            "modified_at": "2024-09-27T16:09:03Z",
            "preserve": true,
            "resolve_conflicts": null,
            "resolve_conflicts_on_create": "OVERWRITE",
            "resolve_conflicts_on_update": "OVERWRITE",
            "service_account_role_arn": "",
            "tags": {
              "Name": "eks-cluster"
            },
            "tags_all": {
              "Name": "eks-cluster"
            },
            "timeouts": {
              "create": null,
              "delete": null,
              "update": null
            }
          },
          "sensitive_attributes": [],
          "private": "eyJlMmJmYjczMC1lY2FhLTExZTYtOGY4OC0zNDM2M2JjN2M0YzAiOnsiY3JlYXRlIjoxMjAwMDAwMDAwMDAwLCJkZWxldGUiOjI0MDAwMDAwMDAwMDAsInVwZGF0ZSI6MTIwMDAwMDAwMDAwMH19",
          "dependencies": [
            "module.eks_al2.aws_cloudwatch_log_group.this",
            "module.eks_al2.aws_eks_cluster.this",
            "module.eks_al2.aws_iam_policy.cni_ipv6_policy",
            "module.eks_al2.aws_iam_role.this",
            "module.eks_al2.aws_iam_role_policy_attachment.this",
            "module.eks_al2.aws_security_group.cluster",
            "module.eks_al2.aws_security_group.node",
            "module.eks_al2.aws_security_group_rule.cluster",
            "module.eks_al2.aws_security_group_rule.node",
            "module.eks_al2.data.aws_caller_identity.current",
            "module.eks_al2.data.aws_eks_addon_version.this",
            "module.eks_al2.data.aws_iam_policy_document.assume_role_policy",
            "module.eks_al2.data.aws_iam_policy_document.cni_ipv6_policy",
            "module.eks_al2.data.aws_iam_session_context.current",
            "module.eks_al2.data.aws_partition.current",
            "module.eks_al2.module.eks_managed_node_group.aws_autoscaling_schedule.this",
            "module.eks_al2.module.eks_managed_node_group.aws_eks_node_group.this",
            "module.eks_al2.module.eks_managed_node_group.aws_iam_role.this",
            "module.eks_al2.module.eks_managed_node_group.aws_iam_role_policy.this",
            "module.eks_al2.module.eks_managed_node_group.aws_iam_role_policy_attachment.additional",
            "module.eks_al2.module.eks_managed_node_group.aws_iam_role_policy_attachment.this",
            "module.eks_al2.module.eks_managed_node_group.aws_launch_template.this",
            "module.eks_al2.module.eks_managed_node_group.aws_placement_group.this",
            "module.eks_al2.module.eks_managed_node_group.data.aws_caller_identity.current",
            "module.eks_al2.module.eks_managed_node_group.data.aws_ec2_instance_type.this",
            "module.eks_al2.module.eks_managed_node_group.data.aws_ec2_instance_type_offerings.this",
            "module.eks_al2.module.eks_managed_node_group.data.aws_iam_policy_document.assume_role_policy",
            "module.eks_al2.module.eks_managed_node_group.data.aws_iam_policy_document.role",
            "module.eks_al2.module.eks_managed_node_group.data.aws_partition.current",
            "module.eks_al2.module.eks_managed_node_group.data.aws_ssm_parameter.ami",
            "module.eks_al2.module.eks_managed_node_group.data.aws_subnets.placement_group",
            "module.eks_al2.module.eks_managed_node_group.module.user_data.data.cloudinit_config.al2023_eks_managed_node_group",
            "module.eks_al2.module.eks_managed_node_group.module.user_data.data.cloudinit_config.linux_eks_managed_node_group",
            "module.eks_al2.module.eks_managed_node_group.module.user_data.null_resource.validate_cluster_service_cidr",
            "module.eks_al2.module.fargate_profile.aws_eks_fargate_profile.this",
            "module.eks_al2.module.fargate_profile.aws_iam_role.this",
            "module.eks_al2.module.fargate_profile.aws_iam_role_policy.this",
            "module.eks_al2.module.fargate_profile.aws_iam_role_policy_attachment.additional",
            "module.eks_al2.module.fargate_profile.aws_iam_role_policy_attachment.this",
            "module.eks_al2.module.fargate_profile.data.aws_caller_identity.current",
            "module.eks_al2.module.fargate_profile.data.aws_iam_policy_document.assume_role_policy",
            "module.eks_al2.module.fargate_profile.data.aws_iam_policy_document.role",
            "module.eks_al2.module.fargate_profile.data.aws_partition.current",
            "module.eks_al2.module.fargate_profile.data.aws_region.current",
            "module.eks_al2.module.kms.aws_kms_external_key.this",
            "module.eks_al2.module.kms.aws_kms_key.this",
            "module.eks_al2.module.kms.aws_kms_replica_external_key.this",
            "module.eks_al2.module.kms.aws_kms_replica_key.this",
            "module.eks_al2.module.kms.data.aws_caller_identity.current",
            "module.eks_al2.module.kms.data.aws_iam_policy_document.this",
            "module.eks_al2.module.kms.data.aws_partition.current",
            "module.eks_al2.module.self_managed_node_group.aws_autoscaling_group.this",
            "module.eks_al2.module.self_managed_node_group.aws_autoscaling_schedule.this",
            "module.eks_al2.module.self_managed_node_group.aws_eks_access_entry.this",
            "module.eks_al2.module.self_managed_node_group.aws_iam_instance_profile.this",
            "module.eks_al2.module.self_managed_node_group.aws_iam_role.this",
            "module.eks_al2.module.self_managed_node_group.aws_iam_role_policy.this",
            "module.eks_al2.module.self_managed_node_group.aws_iam_role_policy_attachment.additional",
            "module.eks_al2.module.self_managed_node_group.aws_iam_role_policy_attachment.this",
            "module.eks_al2.module.self_managed_node_group.aws_launch_template.this",
            "module.eks_al2.module.self_managed_node_group.aws_placement_group.this",
            "module.eks_al2.module.self_managed_node_group.data.aws_caller_identity.current",
            "module.eks_al2.module.self_managed_node_group.data.aws_ec2_instance_type.this",
            "module.eks_al2.module.self_managed_node_group.data.aws_ec2_instance_type_offerings.this",
            "module.eks_al2.module.self_managed_node_group.data.aws_iam_policy_document.assume_role_policy",
            "module.eks_al2.module.self_managed_node_group.data.aws_iam_policy_document.role",
            "module.eks_al2.module.self_managed_node_group.data.aws_partition.current",
            "module.eks_al2.module.self_managed_node_group.data.aws_ssm_parameter.ami",
            "module.eks_al2.module.self_managed_node_group.data.aws_subnets.placement_group",
            "module.eks_al2.module.self_managed_node_group.module.user_data.data.cloudinit_config.al2023_eks_managed_node_group",
            "module.eks_al2.module.self_managed_node_group.module.user_data.data.cloudinit_config.linux_eks_managed_node_group",
            "module.eks_al2.module.self_managed_node_group.module.user_data.null_resource.validate_cluster_service_cidr",
            "module.eks_al2.time_sleep.this",
            "module.vpc.aws_subnet.private",
            "module.vpc.aws_vpc.this",
            "module.vpc.aws_vpc_ipv4_cidr_block_association.this"
          ]
        }
      ]
    },
    {
      "module": "module.eks_al2",
      "mode": "managed",
      "type": "aws_eks_cluster",
      "name": "this",
      "provider": "provider[\"registry.terraform.io/hashicorp/aws\"]",
      "instances": [
        {
          "index_key": 0,
          "schema_version": 1,
          "attributes": {
            "access_config": [
              {
                "authentication_mode": "API_AND_CONFIG_MAP",
                "bootstrap_cluster_creator_admin_permissions": false
              }
            ],
            "arn": "arn:aws:eks:us-west-2:597647611698:cluster/yannick-cluster",
            "bootstrap_self_managed_addons": true,
            "certificate_authority": [
              {
                "data": "LS0tLS1CRUdJTiBDRVJUSUZJQ0FURS0tLS0tCk1JSURCVENDQWUyZ0F3SUJBZ0lJQ2lXNzFCNG1qNDR3RFFZSktvWklodmNOQVFFTEJRQXdGVEVUTUJFR0ExVUUKQXhNS2EzVmlaWEp1WlhSbGN6QWVGdzB5TkRBNU1qY3hOVFV3TlRSYUZ3MHpOREE1TWpVeE5UVTFOVFJhTUJVeApFekFSQmdOVkJBTVRDbXQxWW1WeWJtVjBaWE13Z2dFaU1BMEdDU3FHU0liM0RRRUJBUVVBQTRJQkR3QXdnZ0VLCkFvSUJBUUM4RUdsc0U3T2d4WjZ3OUtOQjVua29wQ2Z0ZmZXM1l4Vkx5YS9TK2RSZmgwQWlxY2kvZWp4dUFGRjYKb1lWR044bFM0UkZnV01ZUnp3eXZCVURySmhXT2MxNzJpb2h0MHA0SXBaeTlCakFPTjNNdCszOG4zNURiS3BVVApKdTZ4bGhaQlNTTkY0ZkdWUHdLWWNhUTNTR3ZCZnhCbG9TYVVBY25hcEp5eW43cXZrQ3g2YWVPbjA0UENWYjBmCmVRbWVtVEY1WmtvbUREZEd6cldHZmd6clFVendUQUMxbXlFajlUSldmSFV0TXU3anZya3FaeExxcEY0bzc4RUgKTmhqTG9qRjFKMDJ5eFRoU01ISWlqVjRNOU1yQXcyYzJ5aEhiUVZCeDJkcWtjRG5UZTBkYTc1QURSV2gxbC92awo0K2oxd0hDWlNmL1locjl0UllWdXVISXFmZWx0QWdNQkFBR2pXVEJYTUE0R0ExVWREd0VCL3dRRUF3SUNwREFQCkJnTlZIUk1CQWY4RUJUQURBUUgvTUIwR0ExVWREZ1FXQkJTQm1EUkJPeXI0b2VLbGREejRiM2liaHFGWm9UQVYKQmdOVkhSRUVEakFNZ2dwcmRXSmxjbTVsZEdWek1BMEdDU3FHU0liM0RRRUJDd1VBQTRJQkFRQlRra0wzbVpxYQpzSHRCSVpkQ0ZzRk1LdHFxOTZsZDJjTUlQK1Z1OWVlVkgvM1lsczhBaExqdU5CMlRycGNBV093bTFYaXhFWTFpClVYOXN3cnJBdmNiekJ5UTg3aXl0SDR4bVpBVjVqSmdRdGNoT1F3R29tVkUraGN1TjZjQVBhQVdNYmRKUEpNTFgKd3pwekdlUUR0MEpwaVoyYU1aUWlYS0ZXR2I2b1doaDhrTU0yTU5UbGt0WmhYc0xzbVBsUmFnRUhrcU9BRXZucgpsWHF6ZTBBY3pIR0ZPTy9icmJYMDFZYjJoZ2pUZVBHcTk2dU44Q0ZWdld4dCtDQ3RsTk0ra2dBMXJmR3RUTmxkCjZsUjhxZ2pMNUhjd2c3TE9zQ3dTa3dNNWwyUDQ4Uk4zOVpBaXJCNnc5L0RZQmJkSE9wcUd2a204R0h6eVZIdUsKL0xtQlNibm9UNXo0Ci0tLS0tRU5EIENFUlRJRklDQVRFLS0tLS0K"
              }
            ],
            "cluster_id": null,
            "created_at": "2024-09-27T15:51:22Z",
            "enabled_cluster_log_types": [
              "api",
              "audit",
              "authenticator"
            ],
            "encryption_config": [
              {
                "provider": [
                  {
                    "key_arn": "arn:aws:kms:us-west-2:597647611698:key/6082313a-9b0e-4134-972e-3ed6788ab5ff"
                  }
                ],
                "resources": [
                  "secrets"
                ]
              }
            ],
            "endpoint": "https://FC9EEEFCF0D8FFC4E45D53E2823EF38A.gr7.us-west-2.eks.amazonaws.com",
            "id": "yannick-cluster",
            "identity": [
              {
                "oidc": [
                  {
                    "issuer": "https://oidc.eks.us-west-2.amazonaws.com/id/FC9EEEFCF0D8FFC4E45D53E2823EF38A"
                  }
                ]
              }
            ],
            "kubernetes_network_config": [
              {
                "ip_family": "ipv4",
                "service_ipv4_cidr": "172.20.0.0/16",
                "service_ipv6_cidr": ""
              }
            ],
            "name": "yannick-cluster",
            "outpost_config": [],
            "platform_version": "eks.8",
            "role_arn": "arn:aws:iam::597647611698:role/yannick-cluster-cluster-20240927155057010300000001",
            "status": "ACTIVE",
            "tags": {
              "Name": "eks-cluster",
              "terraform-aws-modules": "eks"
            },
            "tags_all": {
              "Name": "eks-cluster",
              "terraform-aws-modules": "eks"
            },
            "timeouts": {
              "create": null,
              "delete": null,
              "update": null
            },
            "upgrade_policy": [
              {
                "support_type": "EXTENDED"
              }
            ],
            "version": "1.30",
            "vpc_config": [
              {
                "cluster_security_group_id": "sg-0737ba0ba8a2976e0",
                "endpoint_private_access": true,
                "endpoint_public_access": false,
                "public_access_cidrs": [
                  "0.0.0.0/0"
                ],
                "security_group_ids": [
                  "sg-09c39c2c32732a0fb"
                ],
                "subnet_ids": [
                  "subnet-04a52e55332c96534",
                  "subnet-0b583178e3650ef6a",
                  "subnet-0bbb43687a56c98bb"
                ],
                "vpc_id": "vpc-060dd471d4a84ed22"
              }
            ]
          },
          "sensitive_attributes": [],
          "private": "eyJlMmJmYjczMC1lY2FhLTExZTYtOGY4OC0zNDM2M2JjN2M0YzAiOnsiY3JlYXRlIjoxODAwMDAwMDAwMDAwLCJkZWxldGUiOjkwMDAwMDAwMDAwMCwidXBkYXRlIjozNjAwMDAwMDAwMDAwfSwic2NoZW1hX3ZlcnNpb24iOiIxIn0=",
          "dependencies": [
            "module.eks_al2.aws_cloudwatch_log_group.this",
            "module.eks_al2.aws_iam_policy.cni_ipv6_policy",
            "module.eks_al2.aws_iam_role.this",
            "module.eks_al2.aws_iam_role_policy_attachment.this",
            "module.eks_al2.aws_security_group.cluster",
            "module.eks_al2.aws_security_group.node",
            "module.eks_al2.aws_security_group_rule.cluster",
            "module.eks_al2.aws_security_group_rule.node",
            "module.eks_al2.data.aws_caller_identity.current",
            "module.eks_al2.data.aws_iam_policy_document.assume_role_policy",
            "module.eks_al2.data.aws_iam_policy_document.cni_ipv6_policy",
            "module.eks_al2.data.aws_iam_session_context.current",
            "module.eks_al2.data.aws_partition.current",
            "module.eks_al2.module.kms.aws_kms_external_key.this",
            "module.eks_al2.module.kms.aws_kms_key.this",
            "module.eks_al2.module.kms.aws_kms_replica_external_key.this",
            "module.eks_al2.module.kms.aws_kms_replica_key.this",
            "module.eks_al2.module.kms.data.aws_caller_identity.current",
            "module.eks_al2.module.kms.data.aws_iam_policy_document.this",
            "module.eks_al2.module.kms.data.aws_partition.current",
            "module.vpc.aws_subnet.private",
            "module.vpc.aws_vpc.this",
            "module.vpc.aws_vpc_ipv4_cidr_block_association.this"
          ],
          "create_before_destroy": true
        }
      ]
    },
    {
      "module": "module.eks_al2",
      "mode": "managed",
      "type": "aws_iam_openid_connect_provider",
      "name": "oidc_provider",
      "provider": "provider[\"registry.terraform.io/hashicorp/aws\"]",
      "instances": [
        {
          "index_key": 0,
          "schema_version": 0,
          "attributes": {
            "arn": "arn:aws:iam::597647611698:oidc-provider/oidc.eks.us-west-2.amazonaws.com/id/FC9EEEFCF0D8FFC4E45D53E2823EF38A",
            "client_id_list": [
              "sts.amazonaws.com"
            ],
            "id": "arn:aws:iam::597647611698:oidc-provider/oidc.eks.us-west-2.amazonaws.com/id/FC9EEEFCF0D8FFC4E45D53E2823EF38A",
            "tags": {
              "Name": "eks-cluster"
            },
            "tags_all": {
              "Name": "eks-cluster"
            },
            "thumbprint_list": [
              "9e99a48a9960b14926bb7f3b02e22da2b0ab7280"
            ],
            "url": "oidc.eks.us-west-2.amazonaws.com/id/FC9EEEFCF0D8FFC4E45D53E2823EF38A"
          },
          "sensitive_attributes": [],
          "private": "bnVsbA==",
          "dependencies": [
            "module.eks_al2.aws_cloudwatch_log_group.this",
            "module.eks_al2.aws_eks_cluster.this",
            "module.eks_al2.aws_iam_policy.cni_ipv6_policy",
            "module.eks_al2.aws_iam_role.this",
            "module.eks_al2.aws_iam_role_policy_attachment.this",
            "module.eks_al2.aws_security_group.cluster",
            "module.eks_al2.aws_security_group.node",
            "module.eks_al2.aws_security_group_rule.cluster",
            "module.eks_al2.aws_security_group_rule.node",
            "module.eks_al2.data.aws_caller_identity.current",
            "module.eks_al2.data.aws_iam_policy_document.assume_role_policy",
            "module.eks_al2.data.aws_iam_policy_document.cni_ipv6_policy",
            "module.eks_al2.data.aws_iam_session_context.current",
            "module.eks_al2.data.aws_partition.current",
            "module.eks_al2.data.tls_certificate.this",
            "module.eks_al2.module.kms.aws_kms_external_key.this",
            "module.eks_al2.module.kms.aws_kms_key.this",
            "module.eks_al2.module.kms.aws_kms_replica_external_key.this",
            "module.eks_al2.module.kms.aws_kms_replica_key.this",
            "module.eks_al2.module.kms.data.aws_caller_identity.current",
            "module.eks_al2.module.kms.data.aws_iam_policy_document.this",
            "module.eks_al2.module.kms.data.aws_partition.current",
            "module.vpc.aws_subnet.private",
            "module.vpc.aws_vpc.this",
            "module.vpc.aws_vpc_ipv4_cidr_block_association.this"
          ]
        }
      ]
    },
    {
      "module": "module.eks_al2",
      "mode": "managed",
      "type": "aws_iam_policy",
      "name": "cluster_encryption",
      "provider": "provider[\"registry.terraform.io/hashicorp/aws\"]",
      "instances": [
        {
          "index_key": 0,
          "schema_version": 0,
          "attributes": {
            "arn": "arn:aws:iam::597647611698:policy/yannick-cluster-cluster-ClusterEncryption2024092715512011950000000f",
            "attachment_count": 0,
            "description": "Cluster encryption policy to allow cluster role to utilize CMK provided",
            "id": "arn:aws:iam::597647611698:policy/yannick-cluster-cluster-ClusterEncryption2024092715512011950000000f",
            "name": "yannick-cluster-cluster-ClusterEncryption2024092715512011950000000f",
            "name_prefix": "yannick-cluster-cluster-ClusterEncryption",
            "path": "/",
            "policy": "{\"Statement\":[{\"Action\":[\"kms:Encrypt\",\"kms:Decrypt\",\"kms:ListGrants\",\"kms:DescribeKey\"],\"Effect\":\"Allow\",\"Resource\":\"arn:aws:kms:us-west-2:597647611698:key/6082313a-9b0e-4134-972e-3ed6788ab5ff\"}],\"Version\":\"2012-10-17\"}",
            "policy_id": "ANPAYWJUS24ZOBZ2NQHYO",
            "tags": {
              "Name": "eks-cluster"
            },
            "tags_all": {
              "Name": "eks-cluster"
            }
          },
          "sensitive_attributes": [],
          "private": "bnVsbA==",
          "dependencies": [
            "module.eks_al2.aws_iam_role.this",
            "module.eks_al2.data.aws_caller_identity.current",
            "module.eks_al2.data.aws_iam_policy_document.assume_role_policy",
            "module.eks_al2.data.aws_iam_session_context.current",
            "module.eks_al2.module.kms.aws_kms_external_key.this",
            "module.eks_al2.module.kms.aws_kms_key.this",
            "module.eks_al2.module.kms.aws_kms_replica_external_key.this",
            "module.eks_al2.module.kms.aws_kms_replica_key.this",
            "module.eks_al2.module.kms.data.aws_caller_identity.current",
            "module.eks_al2.module.kms.data.aws_iam_policy_document.this",
            "module.eks_al2.module.kms.data.aws_partition.current"
          ]
        }
      ]
    },
    {
      "module": "module.eks_al2",
      "mode": "managed",
      "type": "aws_iam_role",
      "name": "this",
      "provider": "provider[\"registry.terraform.io/hashicorp/aws\"]",
      "instances": [
        {
          "index_key": 0,
          "schema_version": 0,
          "attributes": {
            "arn": "arn:aws:iam::597647611698:role/yannick-cluster-cluster-20240927155057010300000001",
            "assume_role_policy": "{\"Statement\":[{\"Action\":\"sts:AssumeRole\",\"Effect\":\"Allow\",\"Principal\":{\"Service\":\"eks.amazonaws.com\"},\"Sid\":\"EKSClusterAssumeRole\"}],\"Version\":\"2012-10-17\"}",
            "create_date": "2024-09-27T15:50:56Z",
            "description": "",
            "force_detach_policies": true,
            "id": "yannick-cluster-cluster-20240927155057010300000001",
            "inline_policy": [],
            "managed_policy_arns": [],
            "max_session_duration": 3600,
            "name": "yannick-cluster-cluster-20240927155057010300000001",
            "name_prefix": "yannick-cluster-cluster-",
            "path": "/",
            "permissions_boundary": "",
            "tags": {
              "Name": "eks-cluster"
            },
            "tags_all": {
              "Name": "eks-cluster"
            },
            "unique_id": "AROAYWJUS24ZH2YAU336P"
          },
          "sensitive_attributes": [],
          "private": "bnVsbA==",
          "dependencies": [
            "module.eks_al2.data.aws_iam_policy_document.assume_role_policy"
          ],
          "create_before_destroy": true
        }
      ]
    },
    {
      "module": "module.eks_al2",
      "mode": "managed",
      "type": "aws_iam_role_policy_attachment",
      "name": "cluster_encryption",
      "provider": "provider[\"registry.terraform.io/hashicorp/aws\"]",
      "instances": [
        {
          "index_key": 0,
          "schema_version": 0,
          "attributes": {
            "id": "yannick-cluster-cluster-20240927155057010300000001-20240927155120538800000010",
            "policy_arn": "arn:aws:iam::597647611698:policy/yannick-cluster-cluster-ClusterEncryption2024092715512011950000000f",
            "role": "yannick-cluster-cluster-20240927155057010300000001"
          },
          "sensitive_attributes": [],
          "private": "bnVsbA==",
          "dependencies": [
            "module.eks_al2.aws_iam_policy.cluster_encryption",
            "module.eks_al2.aws_iam_role.this",
            "module.eks_al2.data.aws_caller_identity.current",
            "module.eks_al2.data.aws_iam_policy_document.assume_role_policy",
            "module.eks_al2.data.aws_iam_session_context.current",
            "module.eks_al2.module.kms.aws_kms_external_key.this",
            "module.eks_al2.module.kms.aws_kms_key.this",
            "module.eks_al2.module.kms.aws_kms_replica_external_key.this",
            "module.eks_al2.module.kms.aws_kms_replica_key.this",
            "module.eks_al2.module.kms.data.aws_caller_identity.current",
            "module.eks_al2.module.kms.data.aws_iam_policy_document.this",
            "module.eks_al2.module.kms.data.aws_partition.current"
          ]
        }
      ]
    },
    {
      "module": "module.eks_al2",
      "mode": "managed",
      "type": "aws_iam_role_policy_attachment",
      "name": "this",
      "provider": "provider[\"registry.terraform.io/hashicorp/aws\"]",
      "instances": [
        {
          "index_key": "AmazonEKSClusterPolicy",
          "schema_version": 0,
          "attributes": {
            "id": "yannick-cluster-cluster-20240927155057010300000001-20240927155057941000000008",
            "policy_arn": "arn:aws:iam::aws:policy/AmazonEKSClusterPolicy",
            "role": "yannick-cluster-cluster-20240927155057010300000001"
          },
          "sensitive_attributes": [],
          "private": "bnVsbA==",
          "dependencies": [
            "module.eks_al2.aws_iam_role.this",
            "module.eks_al2.data.aws_iam_policy_document.assume_role_policy",
            "module.eks_al2.data.aws_partition.current"
          ],
          "create_before_destroy": true
        },
        {
          "index_key": "AmazonEKSVPCResourceController",
          "schema_version": 0,
          "attributes": {
            "id": "yannick-cluster-cluster-20240927155057010300000001-20240927155057952300000009",
            "policy_arn": "arn:aws:iam::aws:policy/AmazonEKSVPCResourceController",
            "role": "yannick-cluster-cluster-20240927155057010300000001"
          },
          "sensitive_attributes": [],
          "private": "bnVsbA==",
          "dependencies": [
            "module.eks_al2.aws_iam_role.this",
            "module.eks_al2.data.aws_iam_policy_document.assume_role_policy",
            "module.eks_al2.data.aws_partition.current"
          ],
          "create_before_destroy": true
        }
      ]
    },
    {
      "module": "module.eks_al2",
      "mode": "managed",
      "type": "aws_security_group",
      "name": "cluster",
      "provider": "provider[\"registry.terraform.io/hashicorp/aws\"]",
      "instances": [
        {
          "index_key": 0,
          "schema_version": 1,
          "attributes": {
            "arn": "arn:aws:ec2:us-west-2:597647611698:security-group/sg-09c39c2c32732a0fb",
            "description": "EKS cluster security group",
            "egress": [],
            "id": "sg-09c39c2c32732a0fb",
            "ingress": [],
            "name": "yannick-cluster-cluster-2024092715510982430000000a",
            "name_prefix": "yannick-cluster-cluster-",
            "owner_id": "597647611698",
            "revoke_rules_on_delete": false,
            "tags": {
              "Name": "yannick-cluster-cluster"
            },
            "tags_all": {
              "Name": "yannick-cluster-cluster"
            },
            "timeouts": null,
            "vpc_id": "vpc-060dd471d4a84ed22"
          },
          "sensitive_attributes": [],
          "private": "eyJlMmJmYjczMC1lY2FhLTExZTYtOGY4OC0zNDM2M2JjN2M0YzAiOnsiY3JlYXRlIjo2MDAwMDAwMDAwMDAsImRlbGV0ZSI6OTAwMDAwMDAwMDAwfSwic2NoZW1hX3ZlcnNpb24iOiIxIn0=",
          "dependencies": [
            "module.vpc.aws_vpc.this"
          ],
          "create_before_destroy": true
        }
      ]
    },
    {
      "module": "module.eks_al2",
      "mode": "managed",
      "type": "aws_security_group",
      "name": "node",
      "provider": "provider[\"registry.terraform.io/hashicorp/aws\"]",
      "instances": [
        {
          "index_key": 0,
          "schema_version": 1,
          "attributes": {
            "arn": "arn:aws:ec2:us-west-2:597647611698:security-group/sg-031ff7504368aaf4a",
            "description": "EKS node shared security group",
            "egress": [],
            "id": "sg-031ff7504368aaf4a",
            "ingress": [],
            "name": "yannick-cluster-node-2024092715511099720000000d",
            "name_prefix": "yannick-cluster-node-",
            "owner_id": "597647611698",
            "revoke_rules_on_delete": false,
            "tags": {
              "Name": "yannick-cluster-node",
              "kubernetes.io/cluster/yannick-cluster": "owned"
            },
            "tags_all": {
              "Name": "yannick-cluster-node",
              "kubernetes.io/cluster/yannick-cluster": "owned"
            },
            "timeouts": null,
            "vpc_id": "vpc-060dd471d4a84ed22"
          },
          "sensitive_attributes": [],
          "private": "eyJlMmJmYjczMC1lY2FhLTExZTYtOGY4OC0zNDM2M2JjN2M0YzAiOnsiY3JlYXRlIjo2MDAwMDAwMDAwMDAsImRlbGV0ZSI6OTAwMDAwMDAwMDAwfSwic2NoZW1hX3ZlcnNpb24iOiIxIn0=",
          "dependencies": [
            "module.vpc.aws_vpc.this"
          ],
          "create_before_destroy": true
        }
      ]
    },
    {
      "module": "module.eks_al2",
      "mode": "managed",
      "type": "aws_security_group_rule",
      "name": "cluster",
      "provider": "provider[\"registry.terraform.io/hashicorp/aws\"]",
      "instances": [
        {
          "index_key": "ingress_nodes_443",
          "schema_version": 2,
          "attributes": {
            "cidr_blocks": null,
            "description": "Node groups to cluster API",
            "from_port": 443,
            "id": "sgrule-2448369562",
            "ipv6_cidr_blocks": null,
            "prefix_list_ids": null,
            "protocol": "tcp",
            "security_group_id": "sg-09c39c2c32732a0fb",
            "security_group_rule_id": "sgr-0740aa5cf5766add1",
            "self": false,
            "source_security_group_id": "sg-031ff7504368aaf4a",
            "timeouts": null,
            "to_port": 443,
            "type": "ingress"
          },
          "sensitive_attributes": [],
          "private": "eyJlMmJmYjczMC1lY2FhLTExZTYtOGY4OC0zNDM2M2JjN2M0YzAiOnsiY3JlYXRlIjozMDAwMDAwMDAwMDB9LCJzY2hlbWFfdmVyc2lvbiI6IjIifQ==",
          "dependencies": [
            "module.eks_al2.aws_security_group.cluster",
            "module.eks_al2.aws_security_group.node",
            "module.vpc.aws_vpc.this"
          ],
          "create_before_destroy": true
        }
      ]
    },
    {
      "module": "module.eks_al2",
      "mode": "managed",
      "type": "aws_security_group_rule",
      "name": "node",
      "provider": "provider[\"registry.terraform.io/hashicorp/aws\"]",
      "instances": [
        {
          "index_key": "egress_all",
          "schema_version": 2,
          "attributes": {
            "cidr_blocks": [
              "0.0.0.0/0"
            ],
            "description": "Allow all egress",
            "from_port": 0,
            "id": "sgrule-1831588020",
            "ipv6_cidr_blocks": null,
            "prefix_list_ids": [],
            "protocol": "-1",
            "security_group_id": "sg-031ff7504368aaf4a",
            "security_group_rule_id": "sgr-0c307878486267f74",
            "self": false,
            "source_security_group_id": null,
            "timeouts": null,
            "to_port": 0,
            "type": "egress"
          },
          "sensitive_attributes": [],
          "private": "eyJlMmJmYjczMC1lY2FhLTExZTYtOGY4OC0zNDM2M2JjN2M0YzAiOnsiY3JlYXRlIjozMDAwMDAwMDAwMDB9LCJzY2hlbWFfdmVyc2lvbiI6IjIifQ==",
          "dependencies": [
            "module.eks_al2.aws_security_group.cluster",
            "module.eks_al2.aws_security_group.node",
            "module.vpc.aws_vpc.this"
          ],
          "create_before_destroy": true
        },
        {
          "index_key": "ingress_cluster_443",
          "schema_version": 2,
          "attributes": {
            "cidr_blocks": null,
            "description": "Cluster API to node groups",
            "from_port": 443,
            "id": "sgrule-3315175820",
            "ipv6_cidr_blocks": null,
            "prefix_list_ids": [],
            "protocol": "tcp",
            "security_group_id": "sg-031ff7504368aaf4a",
            "security_group_rule_id": "sgr-018aaa4dccd5ed6dd",
            "self": false,
            "source_security_group_id": "sg-09c39c2c32732a0fb",
            "timeouts": null,
            "to_port": 443,
            "type": "ingress"
          },
          "sensitive_attributes": [],
          "private": "eyJlMmJmYjczMC1lY2FhLTExZTYtOGY4OC0zNDM2M2JjN2M0YzAiOnsiY3JlYXRlIjozMDAwMDAwMDAwMDB9LCJzY2hlbWFfdmVyc2lvbiI6IjIifQ==",
          "dependencies": [
            "module.eks_al2.aws_security_group.cluster",
            "module.eks_al2.aws_security_group.node",
            "module.vpc.aws_vpc.this"
          ],
          "create_before_destroy": true
        },
        {
          "index_key": "ingress_cluster_4443_webhook",
          "schema_version": 2,
          "attributes": {
            "cidr_blocks": null,
            "description": "Cluster API to node 4443/tcp webhook",
            "from_port": 4443,
            "id": "sgrule-764946473",
            "ipv6_cidr_blocks": null,
            "prefix_list_ids": [],
            "protocol": "tcp",
            "security_group_id": "sg-031ff7504368aaf4a",
            "security_group_rule_id": "sgr-085701955fb751d28",
            "self": false,
            "source_security_group_id": "sg-09c39c2c32732a0fb",
            "timeouts": null,
            "to_port": 4443,
            "type": "ingress"
          },
          "sensitive_attributes": [],
          "private": "eyJlMmJmYjczMC1lY2FhLTExZTYtOGY4OC0zNDM2M2JjN2M0YzAiOnsiY3JlYXRlIjozMDAwMDAwMDAwMDB9LCJzY2hlbWFfdmVyc2lvbiI6IjIifQ==",
          "dependencies": [
            "module.eks_al2.aws_security_group.cluster",
            "module.eks_al2.aws_security_group.node",
            "module.vpc.aws_vpc.this"
          ],
          "create_before_destroy": true
        },
        {
          "index_key": "ingress_cluster_6443_webhook",
          "schema_version": 2,
          "attributes": {
            "cidr_blocks": null,
            "description": "Cluster API to node 6443/tcp webhook",
            "from_port": 6443,
            "id": "sgrule-3839512511",
            "ipv6_cidr_blocks": null,
            "prefix_list_ids": [],
            "protocol": "tcp",
            "security_group_id": "sg-031ff7504368aaf4a",
            "security_group_rule_id": "sgr-061e98ab44826c0ed",
            "self": false,
            "source_security_group_id": "sg-09c39c2c32732a0fb",
            "timeouts": null,
            "to_port": 6443,
            "type": "ingress"
          },
          "sensitive_attributes": [],
          "private": "eyJlMmJmYjczMC1lY2FhLTExZTYtOGY4OC0zNDM2M2JjN2M0YzAiOnsiY3JlYXRlIjozMDAwMDAwMDAwMDB9LCJzY2hlbWFfdmVyc2lvbiI6IjIifQ==",
          "dependencies": [
            "module.eks_al2.aws_security_group.cluster",
            "module.eks_al2.aws_security_group.node",
            "module.vpc.aws_vpc.this"
          ],
          "create_before_destroy": true
        },
        {
          "index_key": "ingress_cluster_8443_webhook",
          "schema_version": 2,
          "attributes": {
            "cidr_blocks": null,
            "description": "Cluster API to node 8443/tcp webhook",
            "from_port": 8443,
            "id": "sgrule-4152783774",
            "ipv6_cidr_blocks": null,
            "prefix_list_ids": [],
            "protocol": "tcp",
            "security_group_id": "sg-031ff7504368aaf4a",
            "security_group_rule_id": "sgr-01261917811137980",
            "self": false,
            "source_security_group_id": "sg-09c39c2c32732a0fb",
            "timeouts": null,
            "to_port": 8443,
            "type": "ingress"
          },
          "sensitive_attributes": [],
          "private": "eyJlMmJmYjczMC1lY2FhLTExZTYtOGY4OC0zNDM2M2JjN2M0YzAiOnsiY3JlYXRlIjozMDAwMDAwMDAwMDB9LCJzY2hlbWFfdmVyc2lvbiI6IjIifQ==",
          "dependencies": [
            "module.eks_al2.aws_security_group.cluster",
            "module.eks_al2.aws_security_group.node",
            "module.vpc.aws_vpc.this"
          ],
          "create_before_destroy": true
        },
        {
          "index_key": "ingress_cluster_9443_webhook",
          "schema_version": 2,
          "attributes": {
            "cidr_blocks": null,
            "description": "Cluster API to node 9443/tcp webhook",
            "from_port": 9443,
            "id": "sgrule-2468823125",
            "ipv6_cidr_blocks": null,
            "prefix_list_ids": [],
            "protocol": "tcp",
            "security_group_id": "sg-031ff7504368aaf4a",
            "security_group_rule_id": "sgr-03072822f8eed3330",
            "self": false,
            "source_security_group_id": "sg-09c39c2c32732a0fb",
            "timeouts": null,
            "to_port": 9443,
            "type": "ingress"
          },
          "sensitive_attributes": [],
          "private": "eyJlMmJmYjczMC1lY2FhLTExZTYtOGY4OC0zNDM2M2JjN2M0YzAiOnsiY3JlYXRlIjozMDAwMDAwMDAwMDB9LCJzY2hlbWFfdmVyc2lvbiI6IjIifQ==",
          "dependencies": [
            "module.eks_al2.aws_security_group.cluster",
            "module.eks_al2.aws_security_group.node",
            "module.vpc.aws_vpc.this"
          ],
          "create_before_destroy": true
        },
        {
          "index_key": "ingress_cluster_kubelet",
          "schema_version": 2,
          "attributes": {
            "cidr_blocks": null,
            "description": "Cluster API to node kubelets",
            "from_port": 10250,
            "id": "sgrule-4147336226",
            "ipv6_cidr_blocks": null,
            "prefix_list_ids": [],
            "protocol": "tcp",
            "security_group_id": "sg-031ff7504368aaf4a",
            "security_group_rule_id": "sgr-0f23c746499075a67",
            "self": false,
            "source_security_group_id": "sg-09c39c2c32732a0fb",
            "timeouts": null,
            "to_port": 10250,
            "type": "ingress"
          },
          "sensitive_attributes": [],
          "private": "eyJlMmJmYjczMC1lY2FhLTExZTYtOGY4OC0zNDM2M2JjN2M0YzAiOnsiY3JlYXRlIjozMDAwMDAwMDAwMDB9LCJzY2hlbWFfdmVyc2lvbiI6IjIifQ==",
          "dependencies": [
            "module.eks_al2.aws_security_group.cluster",
            "module.eks_al2.aws_security_group.node",
            "module.vpc.aws_vpc.this"
          ],
          "create_before_destroy": true
        },
        {
          "index_key": "ingress_nodes_ephemeral",
          "schema_version": 2,
          "attributes": {
            "cidr_blocks": null,
            "description": "Node to node ingress on ephemeral ports",
            "from_port": 1025,
            "id": "sgrule-4174624362",
            "ipv6_cidr_blocks": null,
            "prefix_list_ids": [],
            "protocol": "tcp",
            "security_group_id": "sg-031ff7504368aaf4a",
            "security_group_rule_id": "sgr-0442971e1ef2866e2",
            "self": true,
            "source_security_group_id": null,
            "timeouts": null,
            "to_port": 65535,
            "type": "ingress"
          },
          "sensitive_attributes": [],
          "private": "eyJlMmJmYjczMC1lY2FhLTExZTYtOGY4OC0zNDM2M2JjN2M0YzAiOnsiY3JlYXRlIjozMDAwMDAwMDAwMDB9LCJzY2hlbWFfdmVyc2lvbiI6IjIifQ==",
          "dependencies": [
            "module.eks_al2.aws_security_group.cluster",
            "module.eks_al2.aws_security_group.node",
            "module.vpc.aws_vpc.this"
          ],
          "create_before_destroy": true
        },
        {
          "index_key": "ingress_self_coredns_tcp",
          "schema_version": 2,
          "attributes": {
            "cidr_blocks": null,
            "description": "Node to node CoreDNS",
            "from_port": 53,
            "id": "sgrule-4056864406",
            "ipv6_cidr_blocks": null,
            "prefix_list_ids": [],
            "protocol": "tcp",
            "security_group_id": "sg-031ff7504368aaf4a",
            "security_group_rule_id": "sgr-037e28107edb26b57",
            "self": true,
            "source_security_group_id": null,
            "timeouts": null,
            "to_port": 53,
            "type": "ingress"
          },
          "sensitive_attributes": [],
          "private": "eyJlMmJmYjczMC1lY2FhLTExZTYtOGY4OC0zNDM2M2JjN2M0YzAiOnsiY3JlYXRlIjozMDAwMDAwMDAwMDB9LCJzY2hlbWFfdmVyc2lvbiI6IjIifQ==",
          "dependencies": [
            "module.eks_al2.aws_security_group.cluster",
            "module.eks_al2.aws_security_group.node",
            "module.vpc.aws_vpc.this"
          ],
          "create_before_destroy": true
        },
        {
          "index_key": "ingress_self_coredns_udp",
          "schema_version": 2,
          "attributes": {
            "cidr_blocks": null,
            "description": "Node to node CoreDNS UDP",
            "from_port": 53,
            "id": "sgrule-1435596153",
            "ipv6_cidr_blocks": null,
            "prefix_list_ids": [],
            "protocol": "udp",
            "security_group_id": "sg-031ff7504368aaf4a",
            "security_group_rule_id": "sgr-04f8b10067f2ab809",
            "self": true,
            "source_security_group_id": null,
            "timeouts": null,
            "to_port": 53,
            "type": "ingress"
          },
          "sensitive_attributes": [],
          "private": "eyJlMmJmYjczMC1lY2FhLTExZTYtOGY4OC0zNDM2M2JjN2M0YzAiOnsiY3JlYXRlIjozMDAwMDAwMDAwMDB9LCJzY2hlbWFfdmVyc2lvbiI6IjIifQ==",
          "dependencies": [
            "module.eks_al2.aws_security_group.cluster",
            "module.eks_al2.aws_security_group.node",
            "module.vpc.aws_vpc.this"
          ],
          "create_before_destroy": true
        }
      ]
    },
    {
      "module": "module.eks_al2",
      "mode": "managed",
      "type": "time_sleep",
      "name": "this",
      "provider": "provider[\"registry.terraform.io/hashicorp/time\"]",
      "instances": [
        {
          "index_key": 0,
          "schema_version": 0,
          "attributes": {
            "create_duration": "30s",
            "destroy_duration": null,
            "id": "2024-09-27T16:01:43Z",
            "triggers": {
              "cluster_certificate_authority_data": "LS0tLS1CRUdJTiBDRVJUSUZJQ0FURS0tLS0tCk1JSURCVENDQWUyZ0F3SUJBZ0lJQ2lXNzFCNG1qNDR3RFFZSktvWklodmNOQVFFTEJRQXdGVEVUTUJFR0ExVUUKQXhNS2EzVmlaWEp1WlhSbGN6QWVGdzB5TkRBNU1qY3hOVFV3TlRSYUZ3MHpOREE1TWpVeE5UVTFOVFJhTUJVeApFekFSQmdOVkJBTVRDbXQxWW1WeWJtVjBaWE13Z2dFaU1BMEdDU3FHU0liM0RRRUJBUVVBQTRJQkR3QXdnZ0VLCkFvSUJBUUM4RUdsc0U3T2d4WjZ3OUtOQjVua29wQ2Z0ZmZXM1l4Vkx5YS9TK2RSZmgwQWlxY2kvZWp4dUFGRjYKb1lWR044bFM0UkZnV01ZUnp3eXZCVURySmhXT2MxNzJpb2h0MHA0SXBaeTlCakFPTjNNdCszOG4zNURiS3BVVApKdTZ4bGhaQlNTTkY0ZkdWUHdLWWNhUTNTR3ZCZnhCbG9TYVVBY25hcEp5eW43cXZrQ3g2YWVPbjA0UENWYjBmCmVRbWVtVEY1WmtvbUREZEd6cldHZmd6clFVendUQUMxbXlFajlUSldmSFV0TXU3anZya3FaeExxcEY0bzc4RUgKTmhqTG9qRjFKMDJ5eFRoU01ISWlqVjRNOU1yQXcyYzJ5aEhiUVZCeDJkcWtjRG5UZTBkYTc1QURSV2gxbC92awo0K2oxd0hDWlNmL1locjl0UllWdXVISXFmZWx0QWdNQkFBR2pXVEJYTUE0R0ExVWREd0VCL3dRRUF3SUNwREFQCkJnTlZIUk1CQWY4RUJUQURBUUgvTUIwR0ExVWREZ1FXQkJTQm1EUkJPeXI0b2VLbGREejRiM2liaHFGWm9UQVYKQmdOVkhSRUVEakFNZ2dwcmRXSmxjbTVsZEdWek1BMEdDU3FHU0liM0RRRUJDd1VBQTRJQkFRQlRra0wzbVpxYQpzSHRCSVpkQ0ZzRk1LdHFxOTZsZDJjTUlQK1Z1OWVlVkgvM1lsczhBaExqdU5CMlRycGNBV093bTFYaXhFWTFpClVYOXN3cnJBdmNiekJ5UTg3aXl0SDR4bVpBVjVqSmdRdGNoT1F3R29tVkUraGN1TjZjQVBhQVdNYmRKUEpNTFgKd3pwekdlUUR0MEpwaVoyYU1aUWlYS0ZXR2I2b1doaDhrTU0yTU5UbGt0WmhYc0xzbVBsUmFnRUhrcU9BRXZucgpsWHF6ZTBBY3pIR0ZPTy9icmJYMDFZYjJoZ2pUZVBHcTk2dU44Q0ZWdld4dCtDQ3RsTk0ra2dBMXJmR3RUTmxkCjZsUjhxZ2pMNUhjd2c3TE9zQ3dTa3dNNWwyUDQ4Uk4zOVpBaXJCNnc5L0RZQmJkSE9wcUd2a204R0h6eVZIdUsKL0xtQlNibm9UNXo0Ci0tLS0tRU5EIENFUlRJRklDQVRFLS0tLS0K",
              "cluster_endpoint": "https://FC9EEEFCF0D8FFC4E45D53E2823EF38A.gr7.us-west-2.eks.amazonaws.com",
              "cluster_name": "yannick-cluster",
              "cluster_service_cidr": "172.20.0.0/16",
              "cluster_version": "1.30"
            }
          },
          "sensitive_attributes": [],
          "dependencies": [
            "module.eks_al2.aws_cloudwatch_log_group.this",
            "module.eks_al2.aws_eks_cluster.this",
            "module.eks_al2.aws_iam_policy.cni_ipv6_policy",
            "module.eks_al2.aws_iam_role.this",
            "module.eks_al2.aws_iam_role_policy_attachment.this",
            "module.eks_al2.aws_security_group.cluster",
            "module.eks_al2.aws_security_group.node",
            "module.eks_al2.aws_security_group_rule.cluster",
            "module.eks_al2.aws_security_group_rule.node",
            "module.eks_al2.data.aws_caller_identity.current",
            "module.eks_al2.data.aws_iam_policy_document.assume_role_policy",
            "module.eks_al2.data.aws_iam_policy_document.cni_ipv6_policy",
            "module.eks_al2.data.aws_iam_session_context.current",
            "module.eks_al2.data.aws_partition.current",
            "module.eks_al2.module.kms.aws_kms_external_key.this",
            "module.eks_al2.module.kms.aws_kms_key.this",
            "module.eks_al2.module.kms.aws_kms_replica_external_key.this",
            "module.eks_al2.module.kms.aws_kms_replica_key.this",
            "module.eks_al2.module.kms.data.aws_caller_identity.current",
            "module.eks_al2.module.kms.data.aws_iam_policy_document.this",
            "module.eks_al2.module.kms.data.aws_partition.current",
            "module.vpc.aws_subnet.private",
            "module.vpc.aws_vpc.this",
            "module.vpc.aws_vpc_ipv4_cidr_block_association.this"
          ],
          "create_before_destroy": true
        }
      ]
    },
    {
      "module": "module.eks_al2.module.eks_managed_node_group[\"example\"]",
      "mode": "data",
      "type": "aws_caller_identity",
      "name": "current",
      "provider": "provider[\"registry.terraform.io/hashicorp/aws\"]",
      "instances": [
        {
          "schema_version": 0,
          "attributes": {
            "account_id": "597647611698",
            "arn": "arn:aws:iam::597647611698:user/yandjoumbi",
            "id": "597647611698",
            "user_id": "AIDAYWJUS24ZGWQQ7J45S"
          },
          "sensitive_attributes": []
        }
      ]
    },
    {
      "module": "module.eks_al2.module.eks_managed_node_group[\"example\"]",
      "mode": "data",
      "type": "aws_iam_policy_document",
      "name": "assume_role_policy",
      "provider": "provider[\"registry.terraform.io/hashicorp/aws\"]",
      "instances": [
        {
          "index_key": 0,
          "schema_version": 0,
          "attributes": {
            "id": "2560088296",
            "json": "{\n  \"Version\": \"2012-10-17\",\n  \"Statement\": [\n    {\n      \"Sid\": \"EKSNodeAssumeRole\",\n      \"Effect\": \"Allow\",\n      \"Action\": \"sts:AssumeRole\",\n      \"Principal\": {\n        \"Service\": \"ec2.amazonaws.com\"\n      }\n    }\n  ]\n}",
            "minified_json": "{\"Version\":\"2012-10-17\",\"Statement\":[{\"Sid\":\"EKSNodeAssumeRole\",\"Effect\":\"Allow\",\"Action\":\"sts:AssumeRole\",\"Principal\":{\"Service\":\"ec2.amazonaws.com\"}}]}",
            "override_json": null,
            "override_policy_documents": null,
            "policy_id": null,
            "source_json": null,
            "source_policy_documents": null,
            "statement": [
              {
                "actions": [
                  "sts:AssumeRole"
                ],
                "condition": [],
                "effect": "Allow",
                "not_actions": [],
                "not_principals": [],
                "not_resources": [],
                "principals": [
                  {
                    "identifiers": [
                      "ec2.amazonaws.com"
                    ],
                    "type": "Service"
                  }
                ],
                "resources": [],
                "sid": "EKSNodeAssumeRole"
              }
            ],
            "version": "2012-10-17"
          },
          "sensitive_attributes": []
        }
      ]
    },
    {
      "module": "module.eks_al2.module.eks_managed_node_group[\"example\"]",
      "mode": "data",
      "type": "aws_partition",
      "name": "current",
      "provider": "provider[\"registry.terraform.io/hashicorp/aws\"]",
      "instances": [
        {
          "schema_version": 0,
          "attributes": {
            "dns_suffix": "amazonaws.com",
            "id": "aws",
            "partition": "aws",
            "reverse_dns_prefix": "com.amazonaws"
          },
          "sensitive_attributes": []
        }
      ]
    },
    {
      "module": "module.eks_al2.module.eks_managed_node_group[\"example\"]",
      "mode": "managed",
      "type": "aws_eks_node_group",
      "name": "this",
      "provider": "provider[\"registry.terraform.io/hashicorp/aws\"]",
      "instances": [
        {
          "index_key": 0,
          "schema_version": 0,
          "attributes": {
            "ami_type": "AL2_x86_64",
            "arn": "arn:aws:eks:us-west-2:597647611698:nodegroup/yannick-cluster/example-20240927160144796200000013/8ac91a1b-bdc3-8ade-0f25-434b365eb52e",
            "capacity_type": "ON_DEMAND",
            "cluster_name": "yannick-cluster",
            "disk_size": 0,
            "force_update_version": null,
            "id": "yannick-cluster:example-20240927160144796200000013",
            "instance_types": [
              "m6i.large"
            ],
            "labels": null,
            "launch_template": [
              {
                "id": "lt-051f03cd2a8df2d9b",
                "name": "example-20240927160143986100000011",
                "version": "1"
              }
            ],
            "node_group_name": "example-20240927160144796200000013",
            "node_group_name_prefix": "example-",
            "node_role_arn": "arn:aws:iam::597647611698:role/example-eks-node-group-20240927155057022700000002",
            "release_version": "1.30.4-20240924",
            "remote_access": [],
            "resources": [
              {
                "autoscaling_groups": [
                  {
                    "name": "eks-example-20240927160144796200000013-8ac91a1b-bdc3-8ade-0f25-434b365eb52e"
                  }
                ],
                "remote_access_security_group_id": ""
              }
            ],
            "scaling_config": [
              {
                "desired_size": 2,
                "max_size": 5,
                "min_size": 2
              }
            ],
            "status": "ACTIVE",
            "subnet_ids": [
              "subnet-04a52e55332c96534",
              "subnet-0b583178e3650ef6a",
              "subnet-0bbb43687a56c98bb"
            ],
            "tags": {
              "Name": "example"
            },
            "tags_all": {
              "Name": "example"
            },
            "taint": [],
            "timeouts": {
              "create": null,
              "delete": null,
              "update": null
            },
            "update_config": [
              {
                "max_unavailable": 0,
                "max_unavailable_percentage": 33
              }
            ],
            "version": "1.30"
          },
          "sensitive_attributes": [],
          "private": "eyJlMmJmYjczMC1lY2FhLTExZTYtOGY4OC0zNDM2M2JjN2M0YzAiOnsiY3JlYXRlIjozNjAwMDAwMDAwMDAwLCJkZWxldGUiOjM2MDAwMDAwMDAwMDAsInVwZGF0ZSI6MzYwMDAwMDAwMDAwMH19",
          "dependencies": [
            "module.eks_al2.aws_cloudwatch_log_group.this",
            "module.eks_al2.aws_eks_cluster.this",
            "module.eks_al2.aws_iam_policy.cni_ipv6_policy",
            "module.eks_al2.aws_iam_role.this",
            "module.eks_al2.aws_iam_role_policy_attachment.this",
            "module.eks_al2.aws_security_group.cluster",
            "module.eks_al2.aws_security_group.node",
            "module.eks_al2.aws_security_group_rule.cluster",
            "module.eks_al2.aws_security_group_rule.node",
            "module.eks_al2.data.aws_caller_identity.current",
            "module.eks_al2.data.aws_iam_policy_document.assume_role_policy",
            "module.eks_al2.data.aws_iam_policy_document.cni_ipv6_policy",
            "module.eks_al2.data.aws_iam_session_context.current",
            "module.eks_al2.data.aws_partition.current",
            "module.eks_al2.module.eks_managed_node_group.aws_iam_role.this",
            "module.eks_al2.module.eks_managed_node_group.aws_iam_role_policy_attachment.additional",
            "module.eks_al2.module.eks_managed_node_group.aws_iam_role_policy_attachment.this",
            "module.eks_al2.module.eks_managed_node_group.aws_launch_template.this",
            "module.eks_al2.module.eks_managed_node_group.aws_placement_group.this",
            "module.eks_al2.module.eks_managed_node_group.data.aws_caller_identity.current",
            "module.eks_al2.module.eks_managed_node_group.data.aws_ec2_instance_type.this",
            "module.eks_al2.module.eks_managed_node_group.data.aws_ec2_instance_type_offerings.this",
            "module.eks_al2.module.eks_managed_node_group.data.aws_iam_policy_document.assume_role_policy",
            "module.eks_al2.module.eks_managed_node_group.data.aws_partition.current",
            "module.eks_al2.module.eks_managed_node_group.data.aws_ssm_parameter.ami",
            "module.eks_al2.module.eks_managed_node_group.data.aws_subnets.placement_group",
            "module.eks_al2.module.eks_managed_node_group.module.user_data.data.cloudinit_config.al2023_eks_managed_node_group",
            "module.eks_al2.module.eks_managed_node_group.module.user_data.data.cloudinit_config.linux_eks_managed_node_group",
            "module.eks_al2.module.kms.aws_kms_external_key.this",
            "module.eks_al2.module.kms.aws_kms_key.this",
            "module.eks_al2.module.kms.aws_kms_replica_external_key.this",
            "module.eks_al2.module.kms.aws_kms_replica_key.this",
            "module.eks_al2.module.kms.data.aws_caller_identity.current",
            "module.eks_al2.module.kms.data.aws_iam_policy_document.this",
            "module.eks_al2.module.kms.data.aws_partition.current",
            "module.eks_al2.time_sleep.this",
            "module.vpc.aws_subnet.private",
            "module.vpc.aws_vpc.this",
            "module.vpc.aws_vpc_ipv4_cidr_block_association.this"
          ],
          "create_before_destroy": true
        }
      ]
    },
    {
      "module": "module.eks_al2.module.eks_managed_node_group[\"example\"]",
      "mode": "managed",
      "type": "aws_iam_role",
      "name": "this",
      "provider": "provider[\"registry.terraform.io/hashicorp/aws\"]",
      "instances": [
        {
          "index_key": 0,
          "schema_version": 0,
          "attributes": {
            "arn": "arn:aws:iam::597647611698:role/example-eks-node-group-20240927155057022700000002",
            "assume_role_policy": "{\"Statement\":[{\"Action\":\"sts:AssumeRole\",\"Effect\":\"Allow\",\"Principal\":{\"Service\":\"ec2.amazonaws.com\"},\"Sid\":\"EKSNodeAssumeRole\"}],\"Version\":\"2012-10-17\"}",
            "create_date": "2024-09-27T15:50:56Z",
            "description": "EKS managed node group IAM role",
            "force_detach_policies": true,
            "id": "example-eks-node-group-20240927155057022700000002",
            "inline_policy": [],
            "managed_policy_arns": [],
            "max_session_duration": 3600,
            "name": "example-eks-node-group-20240927155057022700000002",
            "name_prefix": "example-eks-node-group-",
            "path": "/",
            "permissions_boundary": "",
            "tags": {
              "Name": "eks-cluster"
            },
            "tags_all": {
              "Name": "eks-cluster"
            },
            "unique_id": "AROAYWJUS24ZMFEDTXP35"
          },
          "sensitive_attributes": [],
          "private": "bnVsbA==",
          "dependencies": [
            "module.eks_al2.module.eks_managed_node_group.data.aws_iam_policy_document.assume_role_policy"
          ],
          "create_before_destroy": true
        }
      ]
    },
    {
      "module": "module.eks_al2.module.eks_managed_node_group[\"example\"]",
      "mode": "managed",
      "type": "aws_iam_role_policy_attachment",
      "name": "this",
      "provider": "provider[\"registry.terraform.io/hashicorp/aws\"]",
      "instances": [
        {
          "index_key": "AmazonEC2ContainerRegistryReadOnly",
          "schema_version": 0,
          "attributes": {
            "id": "example-eks-node-group-20240927155057022700000002-20240927155057857800000007",
            "policy_arn": "arn:aws:iam::aws:policy/AmazonEC2ContainerRegistryReadOnly",
            "role": "example-eks-node-group-20240927155057022700000002"
          },
          "sensitive_attributes": [],
          "private": "bnVsbA==",
          "dependencies": [
            "module.eks_al2.module.eks_managed_node_group.aws_iam_role.this",
            "module.eks_al2.module.eks_managed_node_group.data.aws_caller_identity.current",
            "module.eks_al2.module.eks_managed_node_group.data.aws_iam_policy_document.assume_role_policy",
            "module.eks_al2.module.eks_managed_node_group.data.aws_partition.current"
          ],
          "create_before_destroy": true
        },
        {
          "index_key": "AmazonEKSWorkerNodePolicy",
          "schema_version": 0,
          "attributes": {
            "id": "example-eks-node-group-20240927155057022700000002-20240927155057830200000005",
            "policy_arn": "arn:aws:iam::aws:policy/AmazonEKSWorkerNodePolicy",
            "role": "example-eks-node-group-20240927155057022700000002"
          },
          "sensitive_attributes": [],
          "private": "bnVsbA==",
          "dependencies": [
            "module.eks_al2.module.eks_managed_node_group.aws_iam_role.this",
            "module.eks_al2.module.eks_managed_node_group.data.aws_caller_identity.current",
            "module.eks_al2.module.eks_managed_node_group.data.aws_iam_policy_document.assume_role_policy",
            "module.eks_al2.module.eks_managed_node_group.data.aws_partition.current"
          ],
          "create_before_destroy": true
        },
        {
          "index_key": "AmazonEKS_CNI_Policy",
          "schema_version": 0,
          "attributes": {
            "id": "example-eks-node-group-20240927155057022700000002-20240927155057845800000006",
            "policy_arn": "arn:aws:iam::aws:policy/AmazonEKS_CNI_Policy",
            "role": "example-eks-node-group-20240927155057022700000002"
          },
          "sensitive_attributes": [],
          "private": "bnVsbA==",
          "dependencies": [
            "module.eks_al2.module.eks_managed_node_group.aws_iam_role.this",
            "module.eks_al2.module.eks_managed_node_group.data.aws_caller_identity.current",
            "module.eks_al2.module.eks_managed_node_group.data.aws_iam_policy_document.assume_role_policy",
            "module.eks_al2.module.eks_managed_node_group.data.aws_partition.current"
          ],
          "create_before_destroy": true
        }
      ]
    },
    {
      "module": "module.eks_al2.module.eks_managed_node_group[\"example\"]",
      "mode": "managed",
      "type": "aws_launch_template",
      "name": "this",
      "provider": "provider[\"registry.terraform.io/hashicorp/aws\"]",
      "instances": [
        {
          "index_key": 0,
          "schema_version": 0,
          "attributes": {
            "arn": "arn:aws:ec2:us-west-2:597647611698:launch-template/lt-051f03cd2a8df2d9b",
            "block_device_mappings": [],
            "capacity_reservation_specification": [],
            "cpu_options": [],
            "credit_specification": [],
            "default_version": 1,
            "description": "Custom launch template for example EKS managed node group",
            "disable_api_stop": false,
            "disable_api_termination": false,
            "ebs_optimized": "",
            "elastic_gpu_specifications": [],
            "elastic_inference_accelerator": [],
            "enclave_options": [],
            "hibernation_options": [],
            "iam_instance_profile": [],
            "id": "lt-051f03cd2a8df2d9b",
            "image_id": "",
            "instance_initiated_shutdown_behavior": "",
            "instance_market_options": [],
            "instance_requirements": [],
            "instance_type": "",
            "kernel_id": "",
            "key_name": "",
            "latest_version": 1,
            "license_specification": [],
            "maintenance_options": [],
            "metadata_options": [
              {
                "http_endpoint": "enabled",
                "http_protocol_ipv6": "",
                "http_put_response_hop_limit": 2,
                "http_tokens": "required",
                "instance_metadata_tags": ""
              }
            ],
            "monitoring": [
              {
                "enabled": true
              }
            ],
            "name": "example-20240927160143986100000011",
            "name_prefix": "example-",
            "network_interfaces": [],
            "placement": [],
            "private_dns_name_options": [],
            "ram_disk_id": "",
            "security_group_names": null,
            "tag_specifications": [
              {
                "resource_type": "instance",
                "tags": {
                  "Name": "example"
                }
              },
              {
                "resource_type": "network-interface",
                "tags": {
                  "Name": "example"
                }
              },
              {
                "resource_type": "volume",
                "tags": {
                  "Name": "example"
                }
              }
            ],
            "tags": {
              "Name": "eks-cluster"
            },
            "tags_all": {
              "Name": "eks-cluster"
            },
            "update_default_version": true,
            "user_data": "",
            "vpc_security_group_ids": [
              "sg-031ff7504368aaf4a"
            ]
          },
          "sensitive_attributes": [],
          "private": "bnVsbA==",
          "dependencies": [
            "module.eks_al2.aws_cloudwatch_log_group.this",
            "module.eks_al2.aws_eks_cluster.this",
            "module.eks_al2.aws_iam_policy.cni_ipv6_policy",
            "module.eks_al2.aws_iam_role.this",
            "module.eks_al2.aws_iam_role_policy_attachment.this",
            "module.eks_al2.aws_security_group.cluster",
            "module.eks_al2.aws_security_group.node",
            "module.eks_al2.aws_security_group_rule.cluster",
            "module.eks_al2.aws_security_group_rule.node",
            "module.eks_al2.data.aws_caller_identity.current",
            "module.eks_al2.data.aws_iam_policy_document.assume_role_policy",
            "module.eks_al2.data.aws_iam_policy_document.cni_ipv6_policy",
            "module.eks_al2.data.aws_iam_session_context.current",
            "module.eks_al2.data.aws_partition.current",
            "module.eks_al2.module.eks_managed_node_group.aws_iam_role.this",
            "module.eks_al2.module.eks_managed_node_group.aws_iam_role_policy_attachment.additional",
            "module.eks_al2.module.eks_managed_node_group.aws_iam_role_policy_attachment.this",
            "module.eks_al2.module.eks_managed_node_group.aws_placement_group.this",
            "module.eks_al2.module.eks_managed_node_group.data.aws_caller_identity.current",
            "module.eks_al2.module.eks_managed_node_group.data.aws_ec2_instance_type.this",
            "module.eks_al2.module.eks_managed_node_group.data.aws_iam_policy_document.assume_role_policy",
            "module.eks_al2.module.eks_managed_node_group.data.aws_partition.current",
            "module.eks_al2.module.eks_managed_node_group.module.user_data.data.cloudinit_config.al2023_eks_managed_node_group",
            "module.eks_al2.module.eks_managed_node_group.module.user_data.data.cloudinit_config.linux_eks_managed_node_group",
            "module.eks_al2.module.kms.aws_kms_external_key.this",
            "module.eks_al2.module.kms.aws_kms_key.this",
            "module.eks_al2.module.kms.aws_kms_replica_external_key.this",
            "module.eks_al2.module.kms.aws_kms_replica_key.this",
            "module.eks_al2.module.kms.data.aws_caller_identity.current",
            "module.eks_al2.module.kms.data.aws_iam_policy_document.this",
            "module.eks_al2.module.kms.data.aws_partition.current",
            "module.eks_al2.time_sleep.this",
            "module.vpc.aws_subnet.private",
            "module.vpc.aws_vpc.this",
            "module.vpc.aws_vpc_ipv4_cidr_block_association.this"
          ],
          "create_before_destroy": true
        }
      ]
    },
    {
      "module": "module.eks_al2.module.eks_managed_node_group[\"example\"].module.user_data",
      "mode": "managed",
      "type": "null_resource",
      "name": "validate_cluster_service_cidr",
      "provider": "provider[\"registry.terraform.io/hashicorp/null\"]",
      "instances": [
        {
          "schema_version": 0,
          "attributes": {
            "id": "968642803228163712",
            "triggers": null
          },
          "sensitive_attributes": [],
          "dependencies": [
            "module.eks_al2.aws_cloudwatch_log_group.this",
            "module.eks_al2.aws_eks_cluster.this",
            "module.eks_al2.aws_iam_policy.cni_ipv6_policy",
            "module.eks_al2.aws_iam_role.this",
            "module.eks_al2.aws_iam_role_policy_attachment.this",
            "module.eks_al2.aws_security_group.cluster",
            "module.eks_al2.aws_security_group.node",
            "module.eks_al2.aws_security_group_rule.cluster",
            "module.eks_al2.aws_security_group_rule.node",
            "module.eks_al2.data.aws_caller_identity.current",
            "module.eks_al2.data.aws_iam_policy_document.assume_role_policy",
            "module.eks_al2.data.aws_iam_policy_document.cni_ipv6_policy",
            "module.eks_al2.data.aws_iam_session_context.current",
            "module.eks_al2.data.aws_partition.current",
            "module.eks_al2.module.kms.aws_kms_external_key.this",
            "module.eks_al2.module.kms.aws_kms_key.this",
            "module.eks_al2.module.kms.aws_kms_replica_external_key.this",
            "module.eks_al2.module.kms.aws_kms_replica_key.this",
            "module.eks_al2.module.kms.data.aws_caller_identity.current",
            "module.eks_al2.module.kms.data.aws_iam_policy_document.this",
            "module.eks_al2.module.kms.data.aws_partition.current",
            "module.eks_al2.time_sleep.this",
            "module.vpc.aws_subnet.private",
            "module.vpc.aws_vpc.this",
            "module.vpc.aws_vpc_ipv4_cidr_block_association.this"
          ]
        }
      ]
    },
    {
      "module": "module.eks_al2.module.kms",
      "mode": "data",
      "type": "aws_caller_identity",
      "name": "current",
      "provider": "provider[\"registry.terraform.io/hashicorp/aws\"]",
      "instances": [
        {
          "index_key": 0,
          "schema_version": 0,
          "attributes": {
            "account_id": "597647611698",
            "arn": "arn:aws:iam::597647611698:user/yandjoumbi",
            "id": "597647611698",
            "user_id": "AIDAYWJUS24ZGWQQ7J45S"
          },
          "sensitive_attributes": []
        }
      ]
    },
    {
      "module": "module.eks_al2.module.kms",
      "mode": "data",
      "type": "aws_iam_policy_document",
      "name": "this",
      "provider": "provider[\"registry.terraform.io/hashicorp/aws\"]",
      "instances": [
        {
          "index_key": 0,
          "schema_version": 0,
          "attributes": {
            "id": "2457840600",
            "json": "{\n  \"Version\": \"2012-10-17\",\n  \"Statement\": [\n    {\n      \"Sid\": \"Default\",\n      \"Effect\": \"Allow\",\n      \"Action\": \"kms:*\",\n      \"Resource\": \"*\",\n      \"Principal\": {\n        \"AWS\": \"arn:aws:iam::597647611698:root\"\n      }\n    },\n    {\n      \"Sid\": \"KeyAdministration\",\n      \"Effect\": \"Allow\",\n      \"Action\": [\n        \"kms:Update*\",\n        \"kms:UntagResource\",\n        \"kms:TagResource\",\n        \"kms:ScheduleKeyDeletion\",\n        \"kms:Revoke*\",\n        \"kms:ReplicateKey\",\n        \"kms:Put*\",\n        \"kms:List*\",\n        \"kms:ImportKeyMaterial\",\n        \"kms:Get*\",\n        \"kms:Enable*\",\n        \"kms:Disable*\",\n        \"kms:Describe*\",\n        \"kms:Delete*\",\n        \"kms:Create*\",\n        \"kms:CancelKeyDeletion\"\n      ],\n      \"Resource\": \"*\",\n      \"Principal\": {\n        \"AWS\": \"arn:aws:iam::597647611698:user/yandjoumbi\"\n      }\n    },\n    {\n      \"Sid\": \"KeyUsage\",\n      \"Effect\": \"Allow\",\n      \"Action\": [\n        \"kms:ReEncrypt*\",\n        \"kms:GenerateDataKey*\",\n        \"kms:Encrypt\",\n        \"kms:DescribeKey\",\n        \"kms:Decrypt\"\n      ],\n      \"Resource\": \"*\",\n      \"Principal\": {\n        \"AWS\": \"arn:aws:iam::597647611698:role/yannick-cluster-cluster-20240927155057010300000001\"\n      }\n    }\n  ]\n}",
            "minified_json": "{\"Version\":\"2012-10-17\",\"Statement\":[{\"Sid\":\"Default\",\"Effect\":\"Allow\",\"Action\":\"kms:*\",\"Resource\":\"*\",\"Principal\":{\"AWS\":\"arn:aws:iam::597647611698:root\"}},{\"Sid\":\"KeyAdministration\",\"Effect\":\"Allow\",\"Action\":[\"kms:Update*\",\"kms:UntagResource\",\"kms:TagResource\",\"kms:ScheduleKeyDeletion\",\"kms:Revoke*\",\"kms:ReplicateKey\",\"kms:Put*\",\"kms:List*\",\"kms:ImportKeyMaterial\",\"kms:Get*\",\"kms:Enable*\",\"kms:Disable*\",\"kms:Describe*\",\"kms:Delete*\",\"kms:Create*\",\"kms:CancelKeyDeletion\"],\"Resource\":\"*\",\"Principal\":{\"AWS\":\"arn:aws:iam::597647611698:user/yandjoumbi\"}},{\"Sid\":\"KeyUsage\",\"Effect\":\"Allow\",\"Action\":[\"kms:ReEncrypt*\",\"kms:GenerateDataKey*\",\"kms:Encrypt\",\"kms:DescribeKey\",\"kms:Decrypt\"],\"Resource\":\"*\",\"Principal\":{\"AWS\":\"arn:aws:iam::597647611698:role/yannick-cluster-cluster-20240927155057010300000001\"}}]}",
            "override_json": null,
            "override_policy_documents": null,
            "policy_id": null,
            "source_json": null,
            "source_policy_documents": null,
            "statement": [
              {
                "actions": [
                  "kms:*"
                ],
                "condition": [],
                "effect": "Allow",
                "not_actions": [],
                "not_principals": [],
                "not_resources": [],
                "principals": [
                  {
                    "identifiers": [
                      "arn:aws:iam::597647611698:root"
                    ],
                    "type": "AWS"
                  }
                ],
                "resources": [
                  "*"
                ],
                "sid": "Default"
              },
              {
                "actions": [
                  "kms:CancelKeyDeletion",
                  "kms:Create*",
                  "kms:Delete*",
                  "kms:Describe*",
                  "kms:Disable*",
                  "kms:Enable*",
                  "kms:Get*",
                  "kms:ImportKeyMaterial",
                  "kms:List*",
                  "kms:Put*",
                  "kms:ReplicateKey",
                  "kms:Revoke*",
                  "kms:ScheduleKeyDeletion",
                  "kms:TagResource",
                  "kms:UntagResource",
                  "kms:Update*"
                ],
                "condition": [],
                "effect": "Allow",
                "not_actions": [],
                "not_principals": [],
                "not_resources": [],
                "principals": [
                  {
                    "identifiers": [
                      "arn:aws:iam::597647611698:user/yandjoumbi"
                    ],
                    "type": "AWS"
                  }
                ],
                "resources": [
                  "*"
                ],
                "sid": "KeyAdministration"
              },
              {
                "actions": [
                  "kms:Decrypt",
                  "kms:DescribeKey",
                  "kms:Encrypt",
                  "kms:GenerateDataKey*",
                  "kms:ReEncrypt*"
                ],
                "condition": [],
                "effect": "Allow",
                "not_actions": [],
                "not_principals": [],
                "not_resources": [],
                "principals": [
                  {
                    "identifiers": [
                      "arn:aws:iam::597647611698:role/yannick-cluster-cluster-20240927155057010300000001"
                    ],
                    "type": "AWS"
                  }
                ],
                "resources": [
                  "*"
                ],
                "sid": "KeyUsage"
              }
            ],
            "version": "2012-10-17"
          },
          "sensitive_attributes": []
        }
      ]
    },
    {
      "module": "module.eks_al2.module.kms",
      "mode": "data",
      "type": "aws_partition",
      "name": "current",
      "provider": "provider[\"registry.terraform.io/hashicorp/aws\"]",
      "instances": [
        {
          "index_key": 0,
          "schema_version": 0,
          "attributes": {
            "dns_suffix": "amazonaws.com",
            "id": "aws",
            "partition": "aws",
            "reverse_dns_prefix": "com.amazonaws"
          },
          "sensitive_attributes": []
        }
      ]
    },
    {
      "module": "module.eks_al2.module.kms",
      "mode": "managed",
      "type": "aws_kms_alias",
      "name": "this",
      "provider": "provider[\"registry.terraform.io/hashicorp/aws\"]",
      "instances": [
        {
          "index_key": "cluster",
          "schema_version": 0,
          "attributes": {
            "arn": "arn:aws:kms:us-west-2:597647611698:alias/eks/yannick-cluster",
            "id": "alias/eks/yannick-cluster",
            "name": "alias/eks/yannick-cluster",
            "name_prefix": "",
            "target_key_arn": "arn:aws:kms:us-west-2:597647611698:key/6082313a-9b0e-4134-972e-3ed6788ab5ff",
            "target_key_id": "6082313a-9b0e-4134-972e-3ed6788ab5ff"
          },
          "sensitive_attributes": [],
          "private": "bnVsbA==",
          "dependencies": [
            "module.eks_al2.aws_iam_role.this",
            "module.eks_al2.data.aws_caller_identity.current",
            "module.eks_al2.data.aws_iam_policy_document.assume_role_policy",
            "module.eks_al2.data.aws_iam_session_context.current",
            "module.eks_al2.module.kms.aws_kms_external_key.this",
            "module.eks_al2.module.kms.aws_kms_key.this",
            "module.eks_al2.module.kms.aws_kms_replica_external_key.this",
            "module.eks_al2.module.kms.aws_kms_replica_key.this",
            "module.eks_al2.module.kms.data.aws_caller_identity.current",
            "module.eks_al2.module.kms.data.aws_iam_policy_document.this",
            "module.eks_al2.module.kms.data.aws_partition.current"
          ]
        }
      ]
    },
    {
      "module": "module.eks_al2.module.kms",
      "mode": "managed",
      "type": "aws_kms_key",
      "name": "this",
      "provider": "provider[\"registry.terraform.io/hashicorp/aws\"]",
      "instances": [
        {
          "index_key": 0,
          "schema_version": 0,
          "attributes": {
            "arn": "arn:aws:kms:us-west-2:597647611698:key/6082313a-9b0e-4134-972e-3ed6788ab5ff",
            "bypass_policy_lockout_safety_check": false,
            "custom_key_store_id": "",
            "customer_master_key_spec": "SYMMETRIC_DEFAULT",
            "deletion_window_in_days": null,
            "description": "yannick-cluster cluster encryption key",
            "enable_key_rotation": true,
            "id": "6082313a-9b0e-4134-972e-3ed6788ab5ff",
            "is_enabled": true,
            "key_id": "6082313a-9b0e-4134-972e-3ed6788ab5ff",
            "key_usage": "ENCRYPT_DECRYPT",
            "multi_region": false,
            "policy": "{\"Statement\":[{\"Action\":\"kms:*\",\"Effect\":\"Allow\",\"Principal\":{\"AWS\":\"arn:aws:iam::597647611698:root\"},\"Resource\":\"*\",\"Sid\":\"Default\"},{\"Action\":[\"kms:Update*\",\"kms:UntagResource\",\"kms:TagResource\",\"kms:ScheduleKeyDeletion\",\"kms:Revoke*\",\"kms:ReplicateKey\",\"kms:Put*\",\"kms:List*\",\"kms:ImportKeyMaterial\",\"kms:Get*\",\"kms:Enable*\",\"kms:Disable*\",\"kms:Describe*\",\"kms:Delete*\",\"kms:Create*\",\"kms:CancelKeyDeletion\"],\"Effect\":\"Allow\",\"Principal\":{\"AWS\":\"arn:aws:iam::597647611698:user/yandjoumbi\"},\"Resource\":\"*\",\"Sid\":\"KeyAdministration\"},{\"Action\":[\"kms:ReEncrypt*\",\"kms:GenerateDataKey*\",\"kms:Encrypt\",\"kms:DescribeKey\",\"kms:Decrypt\"],\"Effect\":\"Allow\",\"Principal\":{\"AWS\":\"arn:aws:iam::597647611698:role/yannick-cluster-cluster-20240927155057010300000001\"},\"Resource\":\"*\",\"Sid\":\"KeyUsage\"}],\"Version\":\"2012-10-17\"}",
            "rotation_period_in_days": 365,
            "tags": {
              "Name": "eks-cluster",
              "terraform-aws-modules": "eks"
            },
            "tags_all": {
              "Name": "eks-cluster",
              "terraform-aws-modules": "eks"
            },
            "timeouts": null,
            "xks_key_id": ""
          },
          "sensitive_attributes": [],
          "private": "eyJlMmJmYjczMC1lY2FhLTExZTYtOGY4OC0zNDM2M2JjN2M0YzAiOnsiY3JlYXRlIjoxMjAwMDAwMDAwMDB9fQ==",
          "dependencies": [
            "module.eks_al2.aws_iam_role.this",
            "module.eks_al2.data.aws_caller_identity.current",
            "module.eks_al2.data.aws_iam_policy_document.assume_role_policy",
            "module.eks_al2.data.aws_iam_session_context.current",
            "module.eks_al2.module.kms.data.aws_caller_identity.current",
            "module.eks_al2.module.kms.data.aws_iam_policy_document.this",
            "module.eks_al2.module.kms.data.aws_partition.current"
          ],
          "create_before_destroy": true
        }
      ]
    },
    {
      "module": "module.vpc",
      "mode": "managed",
      "type": "aws_default_network_acl",
      "name": "this",
      "provider": "provider[\"registry.terraform.io/hashicorp/aws\"]",
      "instances": [
        {
          "index_key": 0,
          "schema_version": 0,
          "attributes": {
            "arn": "arn:aws:ec2:us-west-2:597647611698:network-acl/acl-037b8e7259db2f3f9",
            "default_network_acl_id": "acl-037b8e7259db2f3f9",
            "egress": [
              {
                "action": "allow",
                "cidr_block": "",
                "from_port": 0,
                "icmp_code": null,
                "icmp_type": null,
                "ipv6_cidr_block": "::/0",
                "protocol": "-1",
                "rule_no": 101,
                "to_port": 0
              },
              {
                "action": "allow",
                "cidr_block": "0.0.0.0/0",
                "from_port": 0,
                "icmp_code": null,
                "icmp_type": null,
                "ipv6_cidr_block": "",
                "protocol": "-1",
                "rule_no": 100,
                "to_port": 0
              }
            ],
            "id": "acl-037b8e7259db2f3f9",
            "ingress": [
              {
                "action": "allow",
                "cidr_block": "",
                "from_port": 0,
                "icmp_code": null,
                "icmp_type": null,
                "ipv6_cidr_block": "::/0",
                "protocol": "-1",
                "rule_no": 101,
                "to_port": 0
              },
              {
                "action": "allow",
                "cidr_block": "0.0.0.0/0",
                "from_port": 0,
                "icmp_code": null,
                "icmp_type": null,
                "ipv6_cidr_block": "",
                "protocol": "-1",
                "rule_no": 100,
                "to_port": 0
              }
            ],
            "owner_id": "597647611698",
            "subnet_ids": [
              "subnet-0446b654efba61569",
              "subnet-04a52e55332c96534",
              "subnet-07bb941433304114f",
              "subnet-0b583178e3650ef6a",
              "subnet-0bbb43687a56c98bb",
              "subnet-0f1bfade8cd437d27"
            ],
            "tags": {
              "Name": "eks-vpc"
            },
            "tags_all": {
              "Name": "eks-vpc"
            },
            "vpc_id": "vpc-060dd471d4a84ed22"
          },
          "sensitive_attributes": [],
          "private": "bnVsbA==",
          "dependencies": [
            "module.vpc.aws_vpc.this"
          ]
        }
      ]
    },
    {
      "module": "module.vpc",
      "mode": "managed",
      "type": "aws_default_route_table",
      "name": "default",
      "provider": "provider[\"registry.terraform.io/hashicorp/aws\"]",
      "instances": [
        {
          "index_key": 0,
          "schema_version": 0,
          "attributes": {
            "arn": "arn:aws:ec2:us-west-2:597647611698:route-table/rtb-02ebec0d1480f8ffa",
            "default_route_table_id": "rtb-02ebec0d1480f8ffa",
            "id": "rtb-02ebec0d1480f8ffa",
            "owner_id": "597647611698",
            "propagating_vgws": null,
            "route": [],
            "tags": {
              "Name": "eks-vpc"
            },
            "tags_all": {
              "Name": "eks-vpc"
            },
            "timeouts": {
              "create": "5m",
              "update": "5m"
            },
            "vpc_id": "vpc-060dd471d4a84ed22"
          },
          "sensitive_attributes": [],
          "private": "eyJlMmJmYjczMC1lY2FhLTExZTYtOGY4OC0zNDM2M2JjN2M0YzAiOnsiY3JlYXRlIjozMDAwMDAwMDAwMDAsInVwZGF0ZSI6MzAwMDAwMDAwMDAwfX0=",
          "dependencies": [
            "module.vpc.aws_vpc.this"
          ]
        }
      ]
    },
    {
      "module": "module.vpc",
      "mode": "managed",
      "type": "aws_default_security_group",
      "name": "this",
      "provider": "provider[\"registry.terraform.io/hashicorp/aws\"]",
      "instances": [
        {
          "index_key": 0,
          "schema_version": 1,
          "attributes": {
            "arn": "arn:aws:ec2:us-west-2:597647611698:security-group/sg-068a0c086e1b1ec53",
            "description": "default VPC security group",
            "egress": [],
            "id": "sg-068a0c086e1b1ec53",
            "ingress": [],
            "name": "default",
            "name_prefix": "",
            "owner_id": "597647611698",
            "revoke_rules_on_delete": false,
            "tags": {
              "Name": "eks-vpc"
            },
            "tags_all": {
              "Name": "eks-vpc"
            },
            "vpc_id": "vpc-060dd471d4a84ed22"
          },
          "sensitive_attributes": [],
          "private": "eyJzY2hlbWFfdmVyc2lvbiI6IjEifQ==",
          "dependencies": [
            "module.vpc.aws_vpc.this"
          ]
        }
      ]
    },
    {
      "module": "module.vpc",
      "mode": "managed",
      "type": "aws_eip",
      "name": "nat",
      "provider": "provider[\"registry.terraform.io/hashicorp/aws\"]",
      "instances": [
        {
          "index_key": 0,
          "schema_version": 0,
          "attributes": {
            "address": null,
            "allocation_id": "eipalloc-0b35989d93d7e87a2",
            "arn": "arn:aws:ec2:us-west-2:597647611698:elastic-ip/eipalloc-0b35989d93d7e87a2",
            "associate_with_private_ip": null,
            "association_id": "",
            "carrier_ip": "",
            "customer_owned_ip": "",
            "customer_owned_ipv4_pool": "",
            "domain": "vpc",
            "id": "eipalloc-0b35989d93d7e87a2",
            "instance": "",
            "network_border_group": "us-west-2",
            "network_interface": "",
            "private_dns": null,
            "private_ip": "",
            "ptr_record": "",
            "public_dns": "ec2-35-95-177-55.us-west-2.compute.amazonaws.com",
            "public_ip": "35.95.177.55",
            "public_ipv4_pool": "amazon",
            "tags": {
              "Name": "eks-vpc"
            },
            "tags_all": {
              "Name": "eks-vpc"
            },
            "timeouts": null,
            "vpc": true
          },
          "sensitive_attributes": [],
          "private": "eyJlMmJmYjczMC1lY2FhLTExZTYtOGY4OC0zNDM2M2JjN2M0YzAiOnsiZGVsZXRlIjoxODAwMDAwMDAwMDAsInJlYWQiOjkwMDAwMDAwMDAwMCwidXBkYXRlIjozMDAwMDAwMDAwMDB9fQ==",
          "dependencies": [
            "module.vpc.aws_internet_gateway.this",
            "module.vpc.aws_vpc.this",
            "module.vpc.aws_vpc_ipv4_cidr_block_association.this"
          ]
        }
      ]
    },
    {
      "module": "module.vpc",
      "mode": "managed",
      "type": "aws_internet_gateway",
      "name": "this",
      "provider": "provider[\"registry.terraform.io/hashicorp/aws\"]",
      "instances": [
        {
          "index_key": 0,
          "schema_version": 0,
          "attributes": {
            "arn": "arn:aws:ec2:us-west-2:597647611698:internet-gateway/igw-0513ff0ec6802ea4d",
            "id": "igw-0513ff0ec6802ea4d",
            "owner_id": "597647611698",
            "tags": {
              "Name": "eks-vpc"
            },
            "tags_all": {
              "Name": "eks-vpc"
            },
            "timeouts": null,
            "vpc_id": "vpc-060dd471d4a84ed22"
          },
          "sensitive_attributes": [],
          "private": "eyJlMmJmYjczMC1lY2FhLTExZTYtOGY4OC0zNDM2M2JjN2M0YzAiOnsiY3JlYXRlIjoxMjAwMDAwMDAwMDAwLCJkZWxldGUiOjEyMDAwMDAwMDAwMDAsInVwZGF0ZSI6MTIwMDAwMDAwMDAwMH19",
          "dependencies": [
            "module.vpc.aws_vpc.this",
            "module.vpc.aws_vpc_ipv4_cidr_block_association.this"
          ]
        }
      ]
    },
    {
      "module": "module.vpc",
      "mode": "managed",
      "type": "aws_nat_gateway",
      "name": "this",
      "provider": "provider[\"registry.terraform.io/hashicorp/aws\"]",
      "instances": [
        {
          "index_key": 0,
          "schema_version": 0,
          "attributes": {
            "allocation_id": "eipalloc-0b35989d93d7e87a2",
            "association_id": "eipassoc-051b1b68bec2938a4",
            "connectivity_type": "public",
            "id": "nat-0f8591468df28565c",
            "network_interface_id": "eni-0ae39d8e782ecec49",
            "private_ip": "10.0.101.209",
            "public_ip": "35.95.177.55",
            "secondary_allocation_ids": null,
            "secondary_private_ip_address_count": 0,
            "secondary_private_ip_addresses": [],
            "subnet_id": "subnet-07bb941433304114f",
            "tags": {
              "Name": "eks-vpc"
            },
            "tags_all": {
              "Name": "eks-vpc"
            },
            "timeouts": null
          },
          "sensitive_attributes": [],
          "private": "eyJlMmJmYjczMC1lY2FhLTExZTYtOGY4OC0zNDM2M2JjN2M0YzAiOnsiY3JlYXRlIjo2MDAwMDAwMDAwMDAsImRlbGV0ZSI6MTgwMDAwMDAwMDAwMCwidXBkYXRlIjo2MDAwMDAwMDAwMDB9fQ==",
          "dependencies": [
            "module.vpc.aws_eip.nat",
            "module.vpc.aws_internet_gateway.this",
            "module.vpc.aws_subnet.public",
            "module.vpc.aws_vpc.this",
            "module.vpc.aws_vpc_ipv4_cidr_block_association.this"
          ]
        }
      ]
    },
    {
      "module": "module.vpc",
      "mode": "managed",
      "type": "aws_route",
      "name": "private_nat_gateway",
      "provider": "provider[\"registry.terraform.io/hashicorp/aws\"]",
      "instances": [
        {
          "index_key": 0,
          "schema_version": 0,
          "attributes": {
            "carrier_gateway_id": "",
            "core_network_arn": "",
            "destination_cidr_block": "0.0.0.0/0",
            "destination_ipv6_cidr_block": "",
            "destination_prefix_list_id": "",
            "egress_only_gateway_id": "",
            "gateway_id": "",
            "id": "r-rtb-0f8003f7df3682c321080289494",
            "instance_id": "",
            "instance_owner_id": "",
            "local_gateway_id": "",
            "nat_gateway_id": "nat-0f8591468df28565c",
            "network_interface_id": "",
            "origin": "CreateRoute",
            "route_table_id": "rtb-0f8003f7df3682c32",
            "state": "active",
            "timeouts": {
              "create": "5m",
              "delete": null,
              "update": null
            },
            "transit_gateway_id": "",
            "vpc_endpoint_id": "",
            "vpc_peering_connection_id": ""
          },
          "sensitive_attributes": [],
          "private": "eyJlMmJmYjczMC1lY2FhLTExZTYtOGY4OC0zNDM2M2JjN2M0YzAiOnsiY3JlYXRlIjozMDAwMDAwMDAwMDAsImRlbGV0ZSI6MzAwMDAwMDAwMDAwLCJ1cGRhdGUiOjEyMDAwMDAwMDAwMH19",
          "dependencies": [
            "module.vpc.aws_eip.nat",
            "module.vpc.aws_internet_gateway.this",
            "module.vpc.aws_nat_gateway.this",
            "module.vpc.aws_route_table.private",
            "module.vpc.aws_subnet.public",
            "module.vpc.aws_vpc.this",
            "module.vpc.aws_vpc_ipv4_cidr_block_association.this"
          ]
        }
      ]
    },
    {
      "module": "module.vpc",
      "mode": "managed",
      "type": "aws_route",
      "name": "public_internet_gateway",
      "provider": "provider[\"registry.terraform.io/hashicorp/aws\"]",
      "instances": [
        {
          "index_key": 0,
          "schema_version": 0,
          "attributes": {
            "carrier_gateway_id": "",
            "core_network_arn": "",
            "destination_cidr_block": "0.0.0.0/0",
            "destination_ipv6_cidr_block": "",
            "destination_prefix_list_id": "",
            "egress_only_gateway_id": "",
            "gateway_id": "igw-0513ff0ec6802ea4d",
            "id": "r-rtb-0a3dc7cff1cf7bfa21080289494",
            "instance_id": "",
            "instance_owner_id": "",
            "local_gateway_id": "",
            "nat_gateway_id": "",
            "network_interface_id": "",
            "origin": "CreateRoute",
            "route_table_id": "rtb-0a3dc7cff1cf7bfa2",
            "state": "active",
            "timeouts": {
              "create": "5m",
              "delete": null,
              "update": null
            },
            "transit_gateway_id": "",
            "vpc_endpoint_id": "",
            "vpc_peering_connection_id": ""
          },
          "sensitive_attributes": [],
          "private": "eyJlMmJmYjczMC1lY2FhLTExZTYtOGY4OC0zNDM2M2JjN2M0YzAiOnsiY3JlYXRlIjozMDAwMDAwMDAwMDAsImRlbGV0ZSI6MzAwMDAwMDAwMDAwLCJ1cGRhdGUiOjEyMDAwMDAwMDAwMH19",
          "dependencies": [
            "module.vpc.aws_internet_gateway.this",
            "module.vpc.aws_route_table.public",
            "module.vpc.aws_vpc.this",
            "module.vpc.aws_vpc_ipv4_cidr_block_association.this"
          ]
        }
      ]
    },
    {
      "module": "module.vpc",
      "mode": "managed",
      "type": "aws_route_table",
      "name": "private",
      "provider": "provider[\"registry.terraform.io/hashicorp/aws\"]",
      "instances": [
        {
          "index_key": 0,
          "schema_version": 0,
          "attributes": {
            "arn": "arn:aws:ec2:us-west-2:597647611698:route-table/rtb-0f8003f7df3682c32",
            "id": "rtb-0f8003f7df3682c32",
            "owner_id": "597647611698",
            "propagating_vgws": [],
            "route": [],
            "tags": {
              "Name": "eks-vpc"
            },
            "tags_all": {
              "Name": "eks-vpc"
            },
            "timeouts": null,
            "vpc_id": "vpc-060dd471d4a84ed22"
          },
          "sensitive_attributes": [],
          "private": "eyJlMmJmYjczMC1lY2FhLTExZTYtOGY4OC0zNDM2M2JjN2M0YzAiOnsiY3JlYXRlIjozMDAwMDAwMDAwMDAsImRlbGV0ZSI6MzAwMDAwMDAwMDAwLCJ1cGRhdGUiOjEyMDAwMDAwMDAwMH19",
          "dependencies": [
            "module.vpc.aws_vpc.this",
            "module.vpc.aws_vpc_ipv4_cidr_block_association.this"
          ]
        }
      ]
    },
    {
      "module": "module.vpc",
      "mode": "managed",
      "type": "aws_route_table",
      "name": "public",
      "provider": "provider[\"registry.terraform.io/hashicorp/aws\"]",
      "instances": [
        {
          "index_key": 0,
          "schema_version": 0,
          "attributes": {
            "arn": "arn:aws:ec2:us-west-2:597647611698:route-table/rtb-0a3dc7cff1cf7bfa2",
            "id": "rtb-0a3dc7cff1cf7bfa2",
            "owner_id": "597647611698",
            "propagating_vgws": [],
            "route": [],
            "tags": {
              "Name": "eks-vpc"
            },
            "tags_all": {
              "Name": "eks-vpc"
            },
            "timeouts": null,
            "vpc_id": "vpc-060dd471d4a84ed22"
          },
          "sensitive_attributes": [],
          "private": "eyJlMmJmYjczMC1lY2FhLTExZTYtOGY4OC0zNDM2M2JjN2M0YzAiOnsiY3JlYXRlIjozMDAwMDAwMDAwMDAsImRlbGV0ZSI6MzAwMDAwMDAwMDAwLCJ1cGRhdGUiOjEyMDAwMDAwMDAwMH19",
          "dependencies": [
            "module.vpc.aws_vpc.this",
            "module.vpc.aws_vpc_ipv4_cidr_block_association.this"
          ]
        }
      ]
    },
    {
      "module": "module.vpc",
      "mode": "managed",
      "type": "aws_route_table_association",
      "name": "private",
      "provider": "provider[\"registry.terraform.io/hashicorp/aws\"]",
      "instances": [
        {
          "index_key": 0,
          "schema_version": 0,
          "attributes": {
            "gateway_id": "",
            "id": "rtbassoc-09314e4200a9e9f50",
            "route_table_id": "rtb-0f8003f7df3682c32",
            "subnet_id": "subnet-0bbb43687a56c98bb",
            "timeouts": null
          },
          "sensitive_attributes": [],
          "private": "eyJlMmJmYjczMC1lY2FhLTExZTYtOGY4OC0zNDM2M2JjN2M0YzAiOnsiY3JlYXRlIjozMDAwMDAwMDAwMDAsImRlbGV0ZSI6MzAwMDAwMDAwMDAwLCJ1cGRhdGUiOjEyMDAwMDAwMDAwMH19",
          "dependencies": [
            "module.vpc.aws_route_table.private",
            "module.vpc.aws_subnet.private",
            "module.vpc.aws_vpc.this",
            "module.vpc.aws_vpc_ipv4_cidr_block_association.this"
          ]
        },
        {
          "index_key": 1,
          "schema_version": 0,
          "attributes": {
            "gateway_id": "",
            "id": "rtbassoc-0cab00161cbe61b6a",
            "route_table_id": "rtb-0f8003f7df3682c32",
            "subnet_id": "subnet-04a52e55332c96534",
            "timeouts": null
          },
          "sensitive_attributes": [],
          "private": "eyJlMmJmYjczMC1lY2FhLTExZTYtOGY4OC0zNDM2M2JjN2M0YzAiOnsiY3JlYXRlIjozMDAwMDAwMDAwMDAsImRlbGV0ZSI6MzAwMDAwMDAwMDAwLCJ1cGRhdGUiOjEyMDAwMDAwMDAwMH19",
          "dependencies": [
            "module.vpc.aws_route_table.private",
            "module.vpc.aws_subnet.private",
            "module.vpc.aws_vpc.this",
            "module.vpc.aws_vpc_ipv4_cidr_block_association.this"
          ]
        },
        {
          "index_key": 2,
          "schema_version": 0,
          "attributes": {
            "gateway_id": "",
            "id": "rtbassoc-0f0f3790a5b91bc97",
            "route_table_id": "rtb-0f8003f7df3682c32",
            "subnet_id": "subnet-0b583178e3650ef6a",
            "timeouts": null
          },
          "sensitive_attributes": [],
          "private": "eyJlMmJmYjczMC1lY2FhLTExZTYtOGY4OC0zNDM2M2JjN2M0YzAiOnsiY3JlYXRlIjozMDAwMDAwMDAwMDAsImRlbGV0ZSI6MzAwMDAwMDAwMDAwLCJ1cGRhdGUiOjEyMDAwMDAwMDAwMH19",
          "dependencies": [
            "module.vpc.aws_route_table.private",
            "module.vpc.aws_subnet.private",
            "module.vpc.aws_vpc.this",
            "module.vpc.aws_vpc_ipv4_cidr_block_association.this"
          ]
        }
      ]
    },
    {
      "module": "module.vpc",
      "mode": "managed",
      "type": "aws_route_table_association",
      "name": "public",
      "provider": "provider[\"registry.terraform.io/hashicorp/aws\"]",
      "instances": [
        {
          "index_key": 0,
          "schema_version": 0,
          "attributes": {
            "gateway_id": "",
            "id": "rtbassoc-0fc02d237ac64c8be",
            "route_table_id": "rtb-0a3dc7cff1cf7bfa2",
            "subnet_id": "subnet-07bb941433304114f",
            "timeouts": null
          },
          "sensitive_attributes": [],
          "private": "eyJlMmJmYjczMC1lY2FhLTExZTYtOGY4OC0zNDM2M2JjN2M0YzAiOnsiY3JlYXRlIjozMDAwMDAwMDAwMDAsImRlbGV0ZSI6MzAwMDAwMDAwMDAwLCJ1cGRhdGUiOjEyMDAwMDAwMDAwMH19",
          "dependencies": [
            "module.vpc.aws_route_table.public",
            "module.vpc.aws_subnet.public",
            "module.vpc.aws_vpc.this",
            "module.vpc.aws_vpc_ipv4_cidr_block_association.this"
          ]
        },
        {
          "index_key": 1,
          "schema_version": 0,
          "attributes": {
            "gateway_id": "",
            "id": "rtbassoc-08ad107e93aedf3ac",
            "route_table_id": "rtb-0a3dc7cff1cf7bfa2",
            "subnet_id": "subnet-0446b654efba61569",
            "timeouts": null
          },
          "sensitive_attributes": [],
          "private": "eyJlMmJmYjczMC1lY2FhLTExZTYtOGY4OC0zNDM2M2JjN2M0YzAiOnsiY3JlYXRlIjozMDAwMDAwMDAwMDAsImRlbGV0ZSI6MzAwMDAwMDAwMDAwLCJ1cGRhdGUiOjEyMDAwMDAwMDAwMH19",
          "dependencies": [
            "module.vpc.aws_route_table.public",
            "module.vpc.aws_subnet.public",
            "module.vpc.aws_vpc.this",
            "module.vpc.aws_vpc_ipv4_cidr_block_association.this"
          ]
        },
        {
          "index_key": 2,
          "schema_version": 0,
          "attributes": {
            "gateway_id": "",
            "id": "rtbassoc-0c3dd1b9135ebaa48",
            "route_table_id": "rtb-0a3dc7cff1cf7bfa2",
            "subnet_id": "subnet-0f1bfade8cd437d27",
            "timeouts": null
          },
          "sensitive_attributes": [],
          "private": "eyJlMmJmYjczMC1lY2FhLTExZTYtOGY4OC0zNDM2M2JjN2M0YzAiOnsiY3JlYXRlIjozMDAwMDAwMDAwMDAsImRlbGV0ZSI6MzAwMDAwMDAwMDAwLCJ1cGRhdGUiOjEyMDAwMDAwMDAwMH19",
          "dependencies": [
            "module.vpc.aws_route_table.public",
            "module.vpc.aws_subnet.public",
            "module.vpc.aws_vpc.this",
            "module.vpc.aws_vpc_ipv4_cidr_block_association.this"
          ]
        }
      ]
    },
    {
      "module": "module.vpc",
      "mode": "managed",
      "type": "aws_subnet",
      "name": "private",
      "provider": "provider[\"registry.terraform.io/hashicorp/aws\"]",
      "instances": [
        {
          "index_key": 0,
          "schema_version": 1,
          "attributes": {
            "arn": "arn:aws:ec2:us-west-2:597647611698:subnet/subnet-0bbb43687a56c98bb",
            "assign_ipv6_address_on_creation": false,
            "availability_zone": "us-west-2a",
            "availability_zone_id": "usw2-az2",
            "cidr_block": "10.0.1.0/24",
            "customer_owned_ipv4_pool": "",
            "enable_dns64": false,
            "enable_lni_at_device_index": 0,
            "enable_resource_name_dns_a_record_on_launch": false,
            "enable_resource_name_dns_aaaa_record_on_launch": false,
            "id": "subnet-0bbb43687a56c98bb",
            "ipv6_cidr_block": "",
            "ipv6_cidr_block_association_id": "",
            "ipv6_native": false,
            "map_customer_owned_ip_on_launch": false,
            "map_public_ip_on_launch": false,
            "outpost_arn": "",
            "owner_id": "597647611698",
            "private_dns_hostname_type_on_launch": "ip-name",
            "tags": {
              "Name": "eks-vpc"
            },
            "tags_all": {
              "Name": "eks-vpc"
            },
            "timeouts": null,
            "vpc_id": "vpc-060dd471d4a84ed22"
          },
          "sensitive_attributes": [],
          "private": "eyJlMmJmYjczMC1lY2FhLTExZTYtOGY4OC0zNDM2M2JjN2M0YzAiOnsiY3JlYXRlIjo2MDAwMDAwMDAwMDAsImRlbGV0ZSI6MTIwMDAwMDAwMDAwMH0sInNjaGVtYV92ZXJzaW9uIjoiMSJ9",
          "dependencies": [
            "module.vpc.aws_vpc.this",
            "module.vpc.aws_vpc_ipv4_cidr_block_association.this"
          ],
          "create_before_destroy": true
        },
        {
          "index_key": 1,
          "schema_version": 1,
          "attributes": {
            "arn": "arn:aws:ec2:us-west-2:597647611698:subnet/subnet-04a52e55332c96534",
            "assign_ipv6_address_on_creation": false,
            "availability_zone": "us-west-2b",
            "availability_zone_id": "usw2-az1",
            "cidr_block": "10.0.2.0/24",
            "customer_owned_ipv4_pool": "",
            "enable_dns64": false,
            "enable_lni_at_device_index": 0,
            "enable_resource_name_dns_a_record_on_launch": false,
            "enable_resource_name_dns_aaaa_record_on_launch": false,
            "id": "subnet-04a52e55332c96534",
            "ipv6_cidr_block": "",
            "ipv6_cidr_block_association_id": "",
            "ipv6_native": false,
            "map_customer_owned_ip_on_launch": false,
            "map_public_ip_on_launch": false,
            "outpost_arn": "",
            "owner_id": "597647611698",
            "private_dns_hostname_type_on_launch": "ip-name",
            "tags": {
              "Name": "eks-vpc"
            },
            "tags_all": {
              "Name": "eks-vpc"
            },
            "timeouts": null,
            "vpc_id": "vpc-060dd471d4a84ed22"
          },
          "sensitive_attributes": [],
          "private": "eyJlMmJmYjczMC1lY2FhLTExZTYtOGY4OC0zNDM2M2JjN2M0YzAiOnsiY3JlYXRlIjo2MDAwMDAwMDAwMDAsImRlbGV0ZSI6MTIwMDAwMDAwMDAwMH0sInNjaGVtYV92ZXJzaW9uIjoiMSJ9",
          "dependencies": [
            "module.vpc.aws_vpc.this",
            "module.vpc.aws_vpc_ipv4_cidr_block_association.this"
          ],
          "create_before_destroy": true
        },
        {
          "index_key": 2,
          "schema_version": 1,
          "attributes": {
            "arn": "arn:aws:ec2:us-west-2:597647611698:subnet/subnet-0b583178e3650ef6a",
            "assign_ipv6_address_on_creation": false,
            "availability_zone": "us-west-2c",
            "availability_zone_id": "usw2-az3",
            "cidr_block": "10.0.3.0/24",
            "customer_owned_ipv4_pool": "",
            "enable_dns64": false,
            "enable_lni_at_device_index": 0,
            "enable_resource_name_dns_a_record_on_launch": false,
            "enable_resource_name_dns_aaaa_record_on_launch": false,
            "id": "subnet-0b583178e3650ef6a",
            "ipv6_cidr_block": "",
            "ipv6_cidr_block_association_id": "",
            "ipv6_native": false,
            "map_customer_owned_ip_on_launch": false,
            "map_public_ip_on_launch": false,
            "outpost_arn": "",
            "owner_id": "597647611698",
            "private_dns_hostname_type_on_launch": "ip-name",
            "tags": {
              "Name": "eks-vpc"
            },
            "tags_all": {
              "Name": "eks-vpc"
            },
            "timeouts": null,
            "vpc_id": "vpc-060dd471d4a84ed22"
          },
          "sensitive_attributes": [],
          "private": "eyJlMmJmYjczMC1lY2FhLTExZTYtOGY4OC0zNDM2M2JjN2M0YzAiOnsiY3JlYXRlIjo2MDAwMDAwMDAwMDAsImRlbGV0ZSI6MTIwMDAwMDAwMDAwMH0sInNjaGVtYV92ZXJzaW9uIjoiMSJ9",
          "dependencies": [
            "module.vpc.aws_vpc.this",
            "module.vpc.aws_vpc_ipv4_cidr_block_association.this"
          ],
          "create_before_destroy": true
        }
      ]
    },
    {
      "module": "module.vpc",
      "mode": "managed",
      "type": "aws_subnet",
      "name": "public",
      "provider": "provider[\"registry.terraform.io/hashicorp/aws\"]",
      "instances": [
        {
          "index_key": 0,
          "schema_version": 1,
          "attributes": {
            "arn": "arn:aws:ec2:us-west-2:597647611698:subnet/subnet-07bb941433304114f",
            "assign_ipv6_address_on_creation": false,
            "availability_zone": "us-west-2a",
            "availability_zone_id": "usw2-az2",
            "cidr_block": "10.0.101.0/24",
            "customer_owned_ipv4_pool": "",
            "enable_dns64": false,
            "enable_lni_at_device_index": 0,
            "enable_resource_name_dns_a_record_on_launch": false,
            "enable_resource_name_dns_aaaa_record_on_launch": false,
            "id": "subnet-07bb941433304114f",
            "ipv6_cidr_block": "",
            "ipv6_cidr_block_association_id": "",
            "ipv6_native": false,
            "map_customer_owned_ip_on_launch": false,
            "map_public_ip_on_launch": false,
            "outpost_arn": "",
            "owner_id": "597647611698",
            "private_dns_hostname_type_on_launch": "ip-name",
            "tags": {
              "Name": "eks-vpc"
            },
            "tags_all": {
              "Name": "eks-vpc"
            },
            "timeouts": null,
            "vpc_id": "vpc-060dd471d4a84ed22"
          },
          "sensitive_attributes": [],
          "private": "eyJlMmJmYjczMC1lY2FhLTExZTYtOGY4OC0zNDM2M2JjN2M0YzAiOnsiY3JlYXRlIjo2MDAwMDAwMDAwMDAsImRlbGV0ZSI6MTIwMDAwMDAwMDAwMH0sInNjaGVtYV92ZXJzaW9uIjoiMSJ9",
          "dependencies": [
            "module.vpc.aws_vpc.this",
            "module.vpc.aws_vpc_ipv4_cidr_block_association.this"
          ]
        },
        {
          "index_key": 1,
          "schema_version": 1,
          "attributes": {
            "arn": "arn:aws:ec2:us-west-2:597647611698:subnet/subnet-0446b654efba61569",
            "assign_ipv6_address_on_creation": false,
            "availability_zone": "us-west-2b",
            "availability_zone_id": "usw2-az1",
            "cidr_block": "10.0.102.0/24",
            "customer_owned_ipv4_pool": "",
            "enable_dns64": false,
            "enable_lni_at_device_index": 0,
            "enable_resource_name_dns_a_record_on_launch": false,
            "enable_resource_name_dns_aaaa_record_on_launch": false,
            "id": "subnet-0446b654efba61569",
            "ipv6_cidr_block": "",
            "ipv6_cidr_block_association_id": "",
            "ipv6_native": false,
            "map_customer_owned_ip_on_launch": false,
            "map_public_ip_on_launch": false,
            "outpost_arn": "",
            "owner_id": "597647611698",
            "private_dns_hostname_type_on_launch": "ip-name",
            "tags": {
              "Name": "eks-vpc"
            },
            "tags_all": {
              "Name": "eks-vpc"
            },
            "timeouts": null,
            "vpc_id": "vpc-060dd471d4a84ed22"
          },
          "sensitive_attributes": [],
          "private": "eyJlMmJmYjczMC1lY2FhLTExZTYtOGY4OC0zNDM2M2JjN2M0YzAiOnsiY3JlYXRlIjo2MDAwMDAwMDAwMDAsImRlbGV0ZSI6MTIwMDAwMDAwMDAwMH0sInNjaGVtYV92ZXJzaW9uIjoiMSJ9",
          "dependencies": [
            "module.vpc.aws_vpc.this",
            "module.vpc.aws_vpc_ipv4_cidr_block_association.this"
          ]
        },
        {
          "index_key": 2,
          "schema_version": 1,
          "attributes": {
            "arn": "arn:aws:ec2:us-west-2:597647611698:subnet/subnet-0f1bfade8cd437d27",
            "assign_ipv6_address_on_creation": false,
            "availability_zone": "us-west-2c",
            "availability_zone_id": "usw2-az3",
            "cidr_block": "10.0.103.0/24",
            "customer_owned_ipv4_pool": "",
            "enable_dns64": false,
            "enable_lni_at_device_index": 0,
            "enable_resource_name_dns_a_record_on_launch": false,
            "enable_resource_name_dns_aaaa_record_on_launch": false,
            "id": "subnet-0f1bfade8cd437d27",
            "ipv6_cidr_block": "",
            "ipv6_cidr_block_association_id": "",
            "ipv6_native": false,
            "map_customer_owned_ip_on_launch": false,
            "map_public_ip_on_launch": false,
            "outpost_arn": "",
            "owner_id": "597647611698",
            "private_dns_hostname_type_on_launch": "ip-name",
            "tags": {
              "Name": "eks-vpc"
            },
            "tags_all": {
              "Name": "eks-vpc"
            },
            "timeouts": null,
            "vpc_id": "vpc-060dd471d4a84ed22"
          },
          "sensitive_attributes": [],
          "private": "eyJlMmJmYjczMC1lY2FhLTExZTYtOGY4OC0zNDM2M2JjN2M0YzAiOnsiY3JlYXRlIjo2MDAwMDAwMDAwMDAsImRlbGV0ZSI6MTIwMDAwMDAwMDAwMH0sInNjaGVtYV92ZXJzaW9uIjoiMSJ9",
          "dependencies": [
            "module.vpc.aws_vpc.this",
            "module.vpc.aws_vpc_ipv4_cidr_block_association.this"
          ]
        }
      ]
    },
    {
      "module": "module.vpc",
      "mode": "managed",
      "type": "aws_vpc",
      "name": "this",
      "provider": "provider[\"registry.terraform.io/hashicorp/aws\"]",
      "instances": [
        {
          "index_key": 0,
          "schema_version": 1,
          "attributes": {
            "arn": "arn:aws:ec2:us-west-2:597647611698:vpc/vpc-060dd471d4a84ed22",
            "assign_generated_ipv6_cidr_block": false,
            "cidr_block": "10.0.0.0/16",
            "default_network_acl_id": "acl-037b8e7259db2f3f9",
            "default_route_table_id": "rtb-02ebec0d1480f8ffa",
            "default_security_group_id": "sg-068a0c086e1b1ec53",
            "dhcp_options_id": "dopt-015a245ee1d217a01",
            "enable_dns_hostnames": true,
            "enable_dns_support": true,
            "enable_network_address_usage_metrics": false,
            "id": "vpc-060dd471d4a84ed22",
            "instance_tenancy": "default",
            "ipv4_ipam_pool_id": null,
            "ipv4_netmask_length": null,
            "ipv6_association_id": "",
            "ipv6_cidr_block": "",
            "ipv6_cidr_block_network_border_group": "",
            "ipv6_ipam_pool_id": "",
            "ipv6_netmask_length": 0,
            "main_route_table_id": "rtb-02ebec0d1480f8ffa",
            "owner_id": "597647611698",
            "tags": {
              "Name": "eks-vpc"
            },
            "tags_all": {
              "Name": "eks-vpc"
            }
          },
          "sensitive_attributes": [],
          "private": "eyJzY2hlbWFfdmVyc2lvbiI6IjEifQ==",
          "create_before_destroy": true
        }
      ]
    }
  ],
  "check_results": [
    {
      "object_kind": "resource",
      "config_addr": "module.eks_al2.module.eks_managed_node_group.module.user_data.null_resource.validate_cluster_service_cidr",
      "status": "pass",
      "objects": [
        {
          "object_addr": "module.eks_al2.module.eks_managed_node_group[\"example\"].module.user_data.null_resource.validate_cluster_service_cidr",
          "status": "pass"
        }
      ]
    },
    {
      "object_kind": "var",
      "config_addr": "module.eks_al2.module.self_managed_node_group.var.platform",
      "status": "pass",
      "objects": null
    },
    {
      "object_kind": "resource",
      "config_addr": "module.eks_al2.module.self_managed_node_group.module.user_data.null_resource.validate_cluster_service_cidr",
      "status": "pass",
      "objects": null
    }
  ]
}
